// !$*UTF8*$!
{
	archiveVersion = 1;
	classes = {
	};
	objectVersion = 50;
	objects = {

/* Begin PBXBuildFile section */
		370B420E62BE40D10C259692 /* Pods_SKUtils.framework in Frameworks */ = {isa = PBXBuildFile; fileRef = D552F8AD29741206B67E18A3 /* Pods_SKUtils.framework */; };
		7D8D631EBEFB4CAA9B01C45B /* libPods-SKUtilsTests.a in Frameworks */ = {isa = PBXBuildFile; fileRef = 6A4260814E174C9FAD83EA78 /* libPods-SKUtilsTests.a */; };
		A50EE36420B0B322007DAFAD /* TextInputsManagerPresenter.swift in Sources */ = {isa = PBXBuildFile; fileRef = A50EE36320B0B322007DAFAD /* TextInputsManagerPresenter.swift */; };
		A511375C20A2FAB700BC7C7D /* Windowable.swift in Sources */ = {isa = PBXBuildFile; fileRef = A511375520A2FAB700BC7C7D /* Windowable.swift */; };
		A511375D20A2FAB700BC7C7D /* Navigatable.swift in Sources */ = {isa = PBXBuildFile; fileRef = A511375620A2FAB700BC7C7D /* Navigatable.swift */; };
		A511375E20A2FAB700BC7C7D /* DesignableView.swift in Sources */ = {isa = PBXBuildFile; fileRef = A511375820A2FAB700BC7C7D /* DesignableView.swift */; };
		A511375F20A2FAB700BC7C7D /* UIView+Load.swift in Sources */ = {isa = PBXBuildFile; fileRef = A511375920A2FAB700BC7C7D /* UIView+Load.swift */; };
		A511376020A2FAB700BC7C7D /* UINavigationController+Utils.swift in Sources */ = {isa = PBXBuildFile; fileRef = A511375A20A2FAB700BC7C7D /* UINavigationController+Utils.swift */; };
		A511376120A2FAB700BC7C7D /* Optional.swift in Sources */ = {isa = PBXBuildFile; fileRef = A511375B20A2FAB700BC7C7D /* Optional.swift */; };
		A51137FF20A3074C00BC7C7D /* ServicesRepository.swift in Sources */ = {isa = PBXBuildFile; fileRef = A51137FE20A3074C00BC7C7D /* ServicesRepository.swift */; };
		A511380120A3075100BC7C7D /* Module.swift in Sources */ = {isa = PBXBuildFile; fileRef = A511380020A3075100BC7C7D /* Module.swift */; };
		A511380920A307B700BC7C7D /* MainMenuViewController.swift in Sources */ = {isa = PBXBuildFile; fileRef = A511380620A307B700BC7C7D /* MainMenuViewController.swift */; };
		A511380A20A307B700BC7C7D /* MainMenuViewController.xib in Resources */ = {isa = PBXBuildFile; fileRef = A511380720A307B700BC7C7D /* MainMenuViewController.xib */; };
		A511380C20A307D100BC7C7D /* MainMenuPresenter.swift in Sources */ = {isa = PBXBuildFile; fileRef = A511380B20A307D100BC7C7D /* MainMenuPresenter.swift */; };
		A511380F20A3095B00BC7C7D /* ModuleBuilder.swift in Sources */ = {isa = PBXBuildFile; fileRef = A511380E20A3095B00BC7C7D /* ModuleBuilder.swift */; };
		A511381220A31A3100BC7C7D /* Example.swift in Sources */ = {isa = PBXBuildFile; fileRef = A511381120A31A3100BC7C7D /* Example.swift */; };
		A511381A20A31B3300BC7C7D /* MainMenuCell.swift in Sources */ = {isa = PBXBuildFile; fileRef = A511381820A31B3300BC7C7D /* MainMenuCell.swift */; };
		A511381B20A31B3300BC7C7D /* MainMenuCellPresenter.swift in Sources */ = {isa = PBXBuildFile; fileRef = A511381920A31B3300BC7C7D /* MainMenuCellPresenter.swift */; };
		A511381D20A31B5000BC7C7D /* MainMenuCell.xib in Resources */ = {isa = PBXBuildFile; fileRef = A511381C20A31B5000BC7C7D /* MainMenuCell.xib */; };
		A520FA9520B17B1900E4E219 /* XibLoadablePresenter.swift in Sources */ = {isa = PBXBuildFile; fileRef = A520FA9220B17B1900E4E219 /* XibLoadablePresenter.swift */; };
		A520FA9620B17B1900E4E219 /* XibLoadableViewController.swift in Sources */ = {isa = PBXBuildFile; fileRef = A520FA9320B17B1900E4E219 /* XibLoadableViewController.swift */; };
		A520FA9720B17B1900E4E219 /* XibLoadableViewController.xib in Resources */ = {isa = PBXBuildFile; fileRef = A520FA9420B17B1900E4E219 /* XibLoadableViewController.xib */; };
		A520FA9A20B17B4400E4E219 /* CustomView.swift in Sources */ = {isa = PBXBuildFile; fileRef = A520FA9920B17B4400E4E219 /* CustomView.swift */; };
		A520FA9C20B17B6200E4E219 /* CustomView.xib in Resources */ = {isa = PBXBuildFile; fileRef = A520FA9B20B17B6200E4E219 /* CustomView.xib */; };
		A520FAA320B181A900E4E219 /* AppSettingsPresenter.swift in Sources */ = {isa = PBXBuildFile; fileRef = A520FAA020B181A900E4E219 /* AppSettingsPresenter.swift */; };
		A520FAA420B181A900E4E219 /* AppSettingsViewController.swift in Sources */ = {isa = PBXBuildFile; fileRef = A520FAA120B181A900E4E219 /* AppSettingsViewController.swift */; };
		A520FAA520B181A900E4E219 /* AppSettingsViewController.xib in Resources */ = {isa = PBXBuildFile; fileRef = A520FAA220B181A900E4E219 /* AppSettingsViewController.xib */; };
		A520FAAC20B1962F00E4E219 /* ServicePermissionsPresenter.swift in Sources */ = {isa = PBXBuildFile; fileRef = A520FAA920B1962F00E4E219 /* ServicePermissionsPresenter.swift */; };
		A520FAAD20B1962F00E4E219 /* ServicePermissionsViewController.swift in Sources */ = {isa = PBXBuildFile; fileRef = A520FAAA20B1962F00E4E219 /* ServicePermissionsViewController.swift */; };
		A520FAAE20B1962F00E4E219 /* ServicePermissionsViewController.xib in Resources */ = {isa = PBXBuildFile; fileRef = A520FAAB20B1962F00E4E219 /* ServicePermissionsViewController.xib */; };
		A520FAB520B1B0FC00E4E219 /* ImagePickerPresenter.swift in Sources */ = {isa = PBXBuildFile; fileRef = A520FAB220B1B0FC00E4E219 /* ImagePickerPresenter.swift */; };
		A520FAB620B1B0FC00E4E219 /* ImagePickerViewController.swift in Sources */ = {isa = PBXBuildFile; fileRef = A520FAB320B1B0FC00E4E219 /* ImagePickerViewController.swift */; };
		A520FAB720B1B0FC00E4E219 /* ImagePickerViewController.xib in Resources */ = {isa = PBXBuildFile; fileRef = A520FAB420B1B0FC00E4E219 /* ImagePickerViewController.xib */; };
		A5349F7520E6C7B8009EBF3A /* PanForDismiss.swift in Sources */ = {isa = PBXBuildFile; fileRef = A5349F7420E6C7B8009EBF3A /* PanForDismiss.swift */; };
		A5445C1120DD2B5B00B03832 /* TestData.swift in Sources */ = {isa = PBXBuildFile; fileRef = A5445C1020DD2B5B00B03832 /* TestData.swift */; };
		A554696E20B06EC700919C85 /* TextInputsManagerScrollController.xib in Resources */ = {isa = PBXBuildFile; fileRef = A554696D20B06EC700919C85 /* TextInputsManagerScrollController.xib */; };
		A5664FD920C98E26000AD03F /* PanInteractionController.swift in Sources */ = {isa = PBXBuildFile; fileRef = A5664FD820C98E26000AD03F /* PanInteractionController.swift */; };
		A576814D20B148A5003F3C68 /* TextInputsPresenter.swift in Sources */ = {isa = PBXBuildFile; fileRef = A576814A20B148A5003F3C68 /* TextInputsPresenter.swift */; };
		A576814E20B148A5003F3C68 /* TextInputsViewController.swift in Sources */ = {isa = PBXBuildFile; fileRef = A576814B20B148A5003F3C68 /* TextInputsViewController.swift */; };
		A576814F20B148A5003F3C68 /* TextInputsViewController.xib in Resources */ = {isa = PBXBuildFile; fileRef = A576814C20B148A5003F3C68 /* TextInputsViewController.xib */; };
		A58DC16F20DC0CA400831114 /* UICollectionView+ReloadAnimation.swift in Sources */ = {isa = PBXBuildFile; fileRef = A58DC16E20DC0CA400831114 /* UICollectionView+ReloadAnimation.swift */; };
		A5930C6520B591FF0080B982 /* IpDetectingService.swift in Sources */ = {isa = PBXBuildFile; fileRef = A5930C6420B591FF0080B982 /* IpDetectingService.swift */; };
		A5930C6920B5935B0080B982 /* IpDetectingResponse.swift in Sources */ = {isa = PBXBuildFile; fileRef = A5930C6720B5935B0080B982 /* IpDetectingResponse.swift */; };
		A5930C6A20B5935B0080B982 /* IpDetectingRequest.swift in Sources */ = {isa = PBXBuildFile; fileRef = A5930C6820B5935B0080B982 /* IpDetectingRequest.swift */; };
		A5930C6F20B59BBB0080B982 /* NetworkErrorParser.swift in Sources */ = {isa = PBXBuildFile; fileRef = A5930C6E20B59BBB0080B982 /* NetworkErrorParser.swift */; };
		A5930C7620B5A08F0080B982 /* NetworkPresenter.swift in Sources */ = {isa = PBXBuildFile; fileRef = A5930C7320B5A08F0080B982 /* NetworkPresenter.swift */; };
		A5930C7720B5A08F0080B982 /* NetworkViewController.swift in Sources */ = {isa = PBXBuildFile; fileRef = A5930C7420B5A08F0080B982 /* NetworkViewController.swift */; };
		A5930C7820B5A08F0080B982 /* NetworkViewController.xib in Resources */ = {isa = PBXBuildFile; fileRef = A5930C7520B5A08F0080B982 /* NetworkViewController.xib */; };
		A5930C7B20B5ACAB0080B982 /* AdvancedRequestErrorHandling.swift in Sources */ = {isa = PBXBuildFile; fileRef = A5930C7A20B5ACAB0080B982 /* AdvancedRequestErrorHandling.swift */; };
		A595D21A20C0353600330556 /* DefaultAppSettingsAlertStringsProvider.swift in Sources */ = {isa = PBXBuildFile; fileRef = A595D21920C0353600330556 /* DefaultAppSettingsAlertStringsProvider.swift */; };
		A595D21C20C0355B00330556 /* DefaultImagePickerAlertSettings.swift in Sources */ = {isa = PBXBuildFile; fileRef = A595D21B20C0355B00330556 /* DefaultImagePickerAlertSettings.swift */; };
		A59C85F720DE69170049BEA0 /* ViewAnimationsPresenter.swift in Sources */ = {isa = PBXBuildFile; fileRef = A59C85F420DE69170049BEA0 /* ViewAnimationsPresenter.swift */; };
		A59C85F820DE69170049BEA0 /* ViewAnimationsViewController.swift in Sources */ = {isa = PBXBuildFile; fileRef = A59C85F520DE69170049BEA0 /* ViewAnimationsViewController.swift */; };
		A59C85F920DE69170049BEA0 /* ViewAnimationsViewController.xib in Resources */ = {isa = PBXBuildFile; fileRef = A59C85F620DE69170049BEA0 /* ViewAnimationsViewController.xib */; };
		A59C85FB20DE69CD0049BEA0 /* UIView+Animations.swift in Sources */ = {isa = PBXBuildFile; fileRef = A59C85FA20DE69CD0049BEA0 /* UIView+Animations.swift */; };
		A5A4DA4020B6BC9A005F55B0 /* AuthentificationService.swift in Sources */ = {isa = PBXBuildFile; fileRef = A5A4DA3F20B6BC9A005F55B0 /* AuthentificationService.swift */; };
		A5A5754E20DB73D70052498D /* ViewAnimationProvider.swift in Sources */ = {isa = PBXBuildFile; fileRef = A5A5754920DB73D70052498D /* ViewAnimationProvider.swift */; };
		A5A5754F20DB73D70052498D /* TransformAnimationProvider.swift in Sources */ = {isa = PBXBuildFile; fileRef = A5A5754A20DB73D70052498D /* TransformAnimationProvider.swift */; };
		A5A5755020DB73D70052498D /* AlphaAnimationProvider.swift in Sources */ = {isa = PBXBuildFile; fileRef = A5A5754B20DB73D70052498D /* AlphaAnimationProvider.swift */; };
		A5A5755120DB73D70052498D /* UITableView+ReloadAnimation.swift in Sources */ = {isa = PBXBuildFile; fileRef = A5A5754C20DB73D70052498D /* UITableView+ReloadAnimation.swift */; };
		A5BF216420AEBF8D0064B3F8 /* ActivityViewablePresenter.swift in Sources */ = {isa = PBXBuildFile; fileRef = A5BF216120AEBF8D0064B3F8 /* ActivityViewablePresenter.swift */; };
		A5BF216520AEBF8D0064B3F8 /* ActivityViewableViewController.swift in Sources */ = {isa = PBXBuildFile; fileRef = A5BF216220AEBF8D0064B3F8 /* ActivityViewableViewController.swift */; };
		A5BF216620AEBF8D0064B3F8 /* ActivityViewableViewController.xib in Resources */ = {isa = PBXBuildFile; fileRef = A5BF216320AEBF8D0064B3F8 /* ActivityViewableViewController.xib */; };
		A5BF216D20AEC6CF0064B3F8 /* AlertViewablePresenter.swift in Sources */ = {isa = PBXBuildFile; fileRef = A5BF216A20AEC6CF0064B3F8 /* AlertViewablePresenter.swift */; };
		A5BF216E20AEC6CF0064B3F8 /* AlertViewableViewController.swift in Sources */ = {isa = PBXBuildFile; fileRef = A5BF216B20AEC6CF0064B3F8 /* AlertViewableViewController.swift */; };
		A5BF216F20AEC6CF0064B3F8 /* AlertViewableViewController.xib in Resources */ = {isa = PBXBuildFile; fileRef = A5BF216C20AEC6CF0064B3F8 /* AlertViewableViewController.xib */; };
		A5BF217620AECB5B0064B3F8 /* AlertControllerShowingPresenter.swift in Sources */ = {isa = PBXBuildFile; fileRef = A5BF217320AECB5B0064B3F8 /* AlertControllerShowingPresenter.swift */; };
		A5BF217720AECB5B0064B3F8 /* AlertControllerShowingViewController.swift in Sources */ = {isa = PBXBuildFile; fileRef = A5BF217420AECB5B0064B3F8 /* AlertControllerShowingViewController.swift */; };
		A5BF217820AECB5B0064B3F8 /* AlertControllerShowingViewController.xib in Resources */ = {isa = PBXBuildFile; fileRef = A5BF217520AECB5B0064B3F8 /* AlertControllerShowingViewController.xib */; };
		A5BF218C20AEFA890064B3F8 /* TextInputsManagerViewController.swift in Sources */ = {isa = PBXBuildFile; fileRef = A5BF218920AEFA890064B3F8 /* TextInputsManagerViewController.swift */; };
		A5BF218D20AEFA890064B3F8 /* TextInputsManagerViewController.xib in Resources */ = {isa = PBXBuildFile; fileRef = A5BF218A20AEFA890064B3F8 /* TextInputsManagerViewController.xib */; };
		A5D56A5C20B29F5000A4985B /* ValidationServiceTests.swift in Sources */ = {isa = PBXBuildFile; fileRef = A5D56A5B20B29F5000A4985B /* ValidationServiceTests.swift */; };
		A5D6A81A2090E69700DF7495 /* Assets.xcassets in Resources */ = {isa = PBXBuildFile; fileRef = A5D6A8142090E69700DF7495 /* Assets.xcassets */; };
		A5D6A81B2090E69700DF7495 /* LaunchScreen.storyboard in Resources */ = {isa = PBXBuildFile; fileRef = A5D6A8152090E69700DF7495 /* LaunchScreen.storyboard */; };
		A5D6A81D2090E69700DF7495 /* AppDelegate.swift in Sources */ = {isa = PBXBuildFile; fileRef = A5D6A8192090E69700DF7495 /* AppDelegate.swift */; };
		A5DF680520D4EEFF005743EE /* TableViewing.swift in Sources */ = {isa = PBXBuildFile; fileRef = A5DF680420D4EEFF005743EE /* TableViewing.swift */; };
		A5DF680720D4F0EC005743EE /* TableViewInserting.swift in Sources */ = {isa = PBXBuildFile; fileRef = A5DF680620D4F0EC005743EE /* TableViewInserting.swift */; };
		A5DF680920D4F12C005743EE /* TableViewReloading.swift in Sources */ = {isa = PBXBuildFile; fileRef = A5DF680820D4F12C005743EE /* TableViewReloading.swift */; };
		A5DF680B20D4F3F9005743EE /* TableViewDeleting.swift in Sources */ = {isa = PBXBuildFile; fileRef = A5DF680A20D4F3F9005743EE /* TableViewDeleting.swift */; };
		A5DF680D20D4F48E005743EE /* TableViewMoving.swift in Sources */ = {isa = PBXBuildFile; fileRef = A5DF680C20D4F48E005743EE /* TableViewMoving.swift */; };
		A5DF680F20D500F4005743EE /* DataSourceProviding.swift in Sources */ = {isa = PBXBuildFile; fileRef = A5DF680E20D500F4005743EE /* DataSourceProviding.swift */; };
		A5F47B5F20C910240073FDC8 /* ModalNavigationPresenter.swift in Sources */ = {isa = PBXBuildFile; fileRef = A5F47B5C20C910240073FDC8 /* ModalNavigationPresenter.swift */; };
		A5F47B6020C910240073FDC8 /* ModalNavigationViewController.swift in Sources */ = {isa = PBXBuildFile; fileRef = A5F47B5D20C910240073FDC8 /* ModalNavigationViewController.swift */; };
		A5F47B6120C910240073FDC8 /* ModalNavigationViewController.xib in Resources */ = {isa = PBXBuildFile; fileRef = A5F47B5E20C910240073FDC8 /* ModalNavigationViewController.xib */; };
/* End PBXBuildFile section */

/* Begin PBXContainerItemProxy section */
		A5D56A5520B29E9500A4985B /* PBXContainerItemProxy */ = {
			isa = PBXContainerItemProxy;
			containerPortal = A54DE43B2090DD97001C4410 /* Project object */;
			proxyType = 1;
			remoteGlobalIDString = A54DE4422090DD97001C4410;
			remoteInfo = SKUtils;
		};
/* End PBXContainerItemProxy section */

/* Begin PBXFileReference section */
		01DB9EE89C641BCEE366BCA1 /* Pods-SKUtils.release.xcconfig */ = {isa = PBXFileReference; includeInIndex = 1; lastKnownFileType = text.xcconfig; name = "Pods-SKUtils.release.xcconfig"; path = "Pods/Target Support Files/Pods-SKUtils/Pods-SKUtils.release.xcconfig"; sourceTree = "<group>"; };
		2A57DD245FC0CD92D382510F /* Pods-SKUtils.debug.xcconfig */ = {isa = PBXFileReference; includeInIndex = 1; lastKnownFileType = text.xcconfig; name = "Pods-SKUtils.debug.xcconfig"; path = "Pods/Target Support Files/Pods-SKUtils/Pods-SKUtils.debug.xcconfig"; sourceTree = "<group>"; };
		42D55529B406DB0773C98375 /* Pods-SKUtilsTests.debug.xcconfig */ = {isa = PBXFileReference; includeInIndex = 1; lastKnownFileType = text.xcconfig; name = "Pods-SKUtilsTests.debug.xcconfig"; path = "Pods/Target Support Files/Pods-SKUtilsTests/Pods-SKUtilsTests.debug.xcconfig"; sourceTree = "<group>"; };
		6A4260814E174C9FAD83EA78 /* libPods-SKUtilsTests.a */ = {isa = PBXFileReference; explicitFileType = archive.ar; includeInIndex = 0; path = "libPods-SKUtilsTests.a"; sourceTree = BUILT_PRODUCTS_DIR; };
		A50EE36320B0B322007DAFAD /* TextInputsManagerPresenter.swift */ = {isa = PBXFileReference; fileEncoding = 4; lastKnownFileType = sourcecode.swift; path = TextInputsManagerPresenter.swift; sourceTree = "<group>"; };
		A511375520A2FAB700BC7C7D /* Windowable.swift */ = {isa = PBXFileReference; fileEncoding = 4; lastKnownFileType = sourcecode.swift; path = Windowable.swift; sourceTree = "<group>"; };
		A511375620A2FAB700BC7C7D /* Navigatable.swift */ = {isa = PBXFileReference; fileEncoding = 4; lastKnownFileType = sourcecode.swift; path = Navigatable.swift; sourceTree = "<group>"; };
		A511375820A2FAB700BC7C7D /* DesignableView.swift */ = {isa = PBXFileReference; fileEncoding = 4; lastKnownFileType = sourcecode.swift; path = DesignableView.swift; sourceTree = "<group>"; };
		A511375920A2FAB700BC7C7D /* UIView+Load.swift */ = {isa = PBXFileReference; fileEncoding = 4; lastKnownFileType = sourcecode.swift; path = "UIView+Load.swift"; sourceTree = "<group>"; };
		A511375A20A2FAB700BC7C7D /* UINavigationController+Utils.swift */ = {isa = PBXFileReference; fileEncoding = 4; lastKnownFileType = sourcecode.swift; path = "UINavigationController+Utils.swift"; sourceTree = "<group>"; };
		A511375B20A2FAB700BC7C7D /* Optional.swift */ = {isa = PBXFileReference; fileEncoding = 4; lastKnownFileType = sourcecode.swift; path = Optional.swift; sourceTree = "<group>"; };
		A51137FE20A3074C00BC7C7D /* ServicesRepository.swift */ = {isa = PBXFileReference; fileEncoding = 4; lastKnownFileType = sourcecode.swift; path = ServicesRepository.swift; sourceTree = "<group>"; };
		A511380020A3075100BC7C7D /* Module.swift */ = {isa = PBXFileReference; fileEncoding = 4; lastKnownFileType = sourcecode.swift; path = Module.swift; sourceTree = "<group>"; };
		A511380620A307B700BC7C7D /* MainMenuViewController.swift */ = {isa = PBXFileReference; lastKnownFileType = sourcecode.swift; path = MainMenuViewController.swift; sourceTree = "<group>"; };
		A511380720A307B700BC7C7D /* MainMenuViewController.xib */ = {isa = PBXFileReference; lastKnownFileType = file.xib; path = MainMenuViewController.xib; sourceTree = "<group>"; };
		A511380B20A307D100BC7C7D /* MainMenuPresenter.swift */ = {isa = PBXFileReference; fileEncoding = 4; lastKnownFileType = sourcecode.swift; path = MainMenuPresenter.swift; sourceTree = "<group>"; };
		A511380E20A3095B00BC7C7D /* ModuleBuilder.swift */ = {isa = PBXFileReference; lastKnownFileType = sourcecode.swift; path = ModuleBuilder.swift; sourceTree = "<group>"; };
		A511381120A31A3100BC7C7D /* Example.swift */ = {isa = PBXFileReference; lastKnownFileType = sourcecode.swift; path = Example.swift; sourceTree = "<group>"; };
		A511381820A31B3300BC7C7D /* MainMenuCell.swift */ = {isa = PBXFileReference; lastKnownFileType = sourcecode.swift; path = MainMenuCell.swift; sourceTree = "<group>"; };
		A511381920A31B3300BC7C7D /* MainMenuCellPresenter.swift */ = {isa = PBXFileReference; lastKnownFileType = sourcecode.swift; path = MainMenuCellPresenter.swift; sourceTree = "<group>"; };
		A511381C20A31B5000BC7C7D /* MainMenuCell.xib */ = {isa = PBXFileReference; lastKnownFileType = file.xib; path = MainMenuCell.xib; sourceTree = "<group>"; };
		A520FA9220B17B1900E4E219 /* XibLoadablePresenter.swift */ = {isa = PBXFileReference; lastKnownFileType = sourcecode.swift; path = XibLoadablePresenter.swift; sourceTree = "<group>"; };
		A520FA9320B17B1900E4E219 /* XibLoadableViewController.swift */ = {isa = PBXFileReference; lastKnownFileType = sourcecode.swift; path = XibLoadableViewController.swift; sourceTree = "<group>"; };
		A520FA9420B17B1900E4E219 /* XibLoadableViewController.xib */ = {isa = PBXFileReference; lastKnownFileType = file.xib; path = XibLoadableViewController.xib; sourceTree = "<group>"; };
		A520FA9920B17B4400E4E219 /* CustomView.swift */ = {isa = PBXFileReference; lastKnownFileType = sourcecode.swift; path = CustomView.swift; sourceTree = "<group>"; };
		A520FA9B20B17B6200E4E219 /* CustomView.xib */ = {isa = PBXFileReference; lastKnownFileType = file.xib; path = CustomView.xib; sourceTree = "<group>"; };
		A520FAA020B181A900E4E219 /* AppSettingsPresenter.swift */ = {isa = PBXFileReference; lastKnownFileType = sourcecode.swift; path = AppSettingsPresenter.swift; sourceTree = "<group>"; };
		A520FAA120B181A900E4E219 /* AppSettingsViewController.swift */ = {isa = PBXFileReference; lastKnownFileType = sourcecode.swift; path = AppSettingsViewController.swift; sourceTree = "<group>"; };
		A520FAA220B181A900E4E219 /* AppSettingsViewController.xib */ = {isa = PBXFileReference; lastKnownFileType = file.xib; path = AppSettingsViewController.xib; sourceTree = "<group>"; };
		A520FAA920B1962F00E4E219 /* ServicePermissionsPresenter.swift */ = {isa = PBXFileReference; lastKnownFileType = sourcecode.swift; path = ServicePermissionsPresenter.swift; sourceTree = "<group>"; };
		A520FAAA20B1962F00E4E219 /* ServicePermissionsViewController.swift */ = {isa = PBXFileReference; lastKnownFileType = sourcecode.swift; path = ServicePermissionsViewController.swift; sourceTree = "<group>"; };
		A520FAAB20B1962F00E4E219 /* ServicePermissionsViewController.xib */ = {isa = PBXFileReference; lastKnownFileType = file.xib; path = ServicePermissionsViewController.xib; sourceTree = "<group>"; };
		A520FAB220B1B0FC00E4E219 /* ImagePickerPresenter.swift */ = {isa = PBXFileReference; lastKnownFileType = sourcecode.swift; path = ImagePickerPresenter.swift; sourceTree = "<group>"; };
		A520FAB320B1B0FC00E4E219 /* ImagePickerViewController.swift */ = {isa = PBXFileReference; lastKnownFileType = sourcecode.swift; path = ImagePickerViewController.swift; sourceTree = "<group>"; };
		A520FAB420B1B0FC00E4E219 /* ImagePickerViewController.xib */ = {isa = PBXFileReference; lastKnownFileType = file.xib; path = ImagePickerViewController.xib; sourceTree = "<group>"; };
		A5349F7420E6C7B8009EBF3A /* PanForDismiss.swift */ = {isa = PBXFileReference; lastKnownFileType = sourcecode.swift; path = PanForDismiss.swift; sourceTree = "<group>"; };
		A5445C1020DD2B5B00B03832 /* TestData.swift */ = {isa = PBXFileReference; lastKnownFileType = sourcecode.swift; path = TestData.swift; sourceTree = "<group>"; };
		A54DE4432090DD97001C4410 /* SKUtils.app */ = {isa = PBXFileReference; explicitFileType = wrapper.application; includeInIndex = 0; path = SKUtils.app; sourceTree = BUILT_PRODUCTS_DIR; };
		A554696D20B06EC700919C85 /* TextInputsManagerScrollController.xib */ = {isa = PBXFileReference; fileEncoding = 4; lastKnownFileType = file.xib; path = TextInputsManagerScrollController.xib; sourceTree = "<group>"; };
		A5664FD820C98E26000AD03F /* PanInteractionController.swift */ = {isa = PBXFileReference; lastKnownFileType = sourcecode.swift; path = PanInteractionController.swift; sourceTree = "<group>"; };
		A576814A20B148A5003F3C68 /* TextInputsPresenter.swift */ = {isa = PBXFileReference; lastKnownFileType = sourcecode.swift; path = TextInputsPresenter.swift; sourceTree = "<group>"; };
		A576814B20B148A5003F3C68 /* TextInputsViewController.swift */ = {isa = PBXFileReference; lastKnownFileType = sourcecode.swift; path = TextInputsViewController.swift; sourceTree = "<group>"; };
		A576814C20B148A5003F3C68 /* TextInputsViewController.xib */ = {isa = PBXFileReference; lastKnownFileType = file.xib; path = TextInputsViewController.xib; sourceTree = "<group>"; };
		A58DC16E20DC0CA400831114 /* UICollectionView+ReloadAnimation.swift */ = {isa = PBXFileReference; lastKnownFileType = sourcecode.swift; path = "UICollectionView+ReloadAnimation.swift"; sourceTree = "<group>"; };
		A5930C6420B591FF0080B982 /* IpDetectingService.swift */ = {isa = PBXFileReference; lastKnownFileType = sourcecode.swift; path = IpDetectingService.swift; sourceTree = "<group>"; };
		A5930C6720B5935B0080B982 /* IpDetectingResponse.swift */ = {isa = PBXFileReference; lastKnownFileType = sourcecode.swift; path = IpDetectingResponse.swift; sourceTree = "<group>"; };
		A5930C6820B5935B0080B982 /* IpDetectingRequest.swift */ = {isa = PBXFileReference; lastKnownFileType = sourcecode.swift; path = IpDetectingRequest.swift; sourceTree = "<group>"; };
		A5930C6E20B59BBB0080B982 /* NetworkErrorParser.swift */ = {isa = PBXFileReference; lastKnownFileType = sourcecode.swift; path = NetworkErrorParser.swift; sourceTree = "<group>"; };
		A5930C7320B5A08F0080B982 /* NetworkPresenter.swift */ = {isa = PBXFileReference; lastKnownFileType = sourcecode.swift; path = NetworkPresenter.swift; sourceTree = "<group>"; };
		A5930C7420B5A08F0080B982 /* NetworkViewController.swift */ = {isa = PBXFileReference; lastKnownFileType = sourcecode.swift; path = NetworkViewController.swift; sourceTree = "<group>"; };
		A5930C7520B5A08F0080B982 /* NetworkViewController.xib */ = {isa = PBXFileReference; lastKnownFileType = file.xib; path = NetworkViewController.xib; sourceTree = "<group>"; };
		A5930C7A20B5ACAB0080B982 /* AdvancedRequestErrorHandling.swift */ = {isa = PBXFileReference; lastKnownFileType = sourcecode.swift; path = AdvancedRequestErrorHandling.swift; sourceTree = "<group>"; };
		A595D21920C0353600330556 /* DefaultAppSettingsAlertStringsProvider.swift */ = {isa = PBXFileReference; lastKnownFileType = sourcecode.swift; path = DefaultAppSettingsAlertStringsProvider.swift; sourceTree = "<group>"; };
		A595D21B20C0355B00330556 /* DefaultImagePickerAlertSettings.swift */ = {isa = PBXFileReference; lastKnownFileType = sourcecode.swift; path = DefaultImagePickerAlertSettings.swift; sourceTree = "<group>"; };
		A59C85F420DE69170049BEA0 /* ViewAnimationsPresenter.swift */ = {isa = PBXFileReference; lastKnownFileType = sourcecode.swift; path = ViewAnimationsPresenter.swift; sourceTree = "<group>"; };
		A59C85F520DE69170049BEA0 /* ViewAnimationsViewController.swift */ = {isa = PBXFileReference; lastKnownFileType = sourcecode.swift; path = ViewAnimationsViewController.swift; sourceTree = "<group>"; };
		A59C85F620DE69170049BEA0 /* ViewAnimationsViewController.xib */ = {isa = PBXFileReference; lastKnownFileType = file.xib; path = ViewAnimationsViewController.xib; sourceTree = "<group>"; };
		A59C85FA20DE69CD0049BEA0 /* UIView+Animations.swift */ = {isa = PBXFileReference; lastKnownFileType = sourcecode.swift; path = "UIView+Animations.swift"; sourceTree = "<group>"; };
		A5A4DA3F20B6BC9A005F55B0 /* AuthentificationService.swift */ = {isa = PBXFileReference; lastKnownFileType = sourcecode.swift; path = AuthentificationService.swift; sourceTree = "<group>"; };
		A5A5754920DB73D70052498D /* ViewAnimationProvider.swift */ = {isa = PBXFileReference; fileEncoding = 4; lastKnownFileType = sourcecode.swift; path = ViewAnimationProvider.swift; sourceTree = "<group>"; };
		A5A5754A20DB73D70052498D /* TransformAnimationProvider.swift */ = {isa = PBXFileReference; fileEncoding = 4; lastKnownFileType = sourcecode.swift; path = TransformAnimationProvider.swift; sourceTree = "<group>"; };
		A5A5754B20DB73D70052498D /* AlphaAnimationProvider.swift */ = {isa = PBXFileReference; fileEncoding = 4; lastKnownFileType = sourcecode.swift; path = AlphaAnimationProvider.swift; sourceTree = "<group>"; };
		A5A5754C20DB73D70052498D /* UITableView+ReloadAnimation.swift */ = {isa = PBXFileReference; fileEncoding = 4; lastKnownFileType = sourcecode.swift; path = "UITableView+ReloadAnimation.swift"; sourceTree = "<group>"; };
		A5BF216120AEBF8D0064B3F8 /* ActivityViewablePresenter.swift */ = {isa = PBXFileReference; lastKnownFileType = sourcecode.swift; path = ActivityViewablePresenter.swift; sourceTree = "<group>"; };
		A5BF216220AEBF8D0064B3F8 /* ActivityViewableViewController.swift */ = {isa = PBXFileReference; lastKnownFileType = sourcecode.swift; path = ActivityViewableViewController.swift; sourceTree = "<group>"; };
		A5BF216320AEBF8D0064B3F8 /* ActivityViewableViewController.xib */ = {isa = PBXFileReference; lastKnownFileType = file.xib; path = ActivityViewableViewController.xib; sourceTree = "<group>"; };
		A5BF216A20AEC6CF0064B3F8 /* AlertViewablePresenter.swift */ = {isa = PBXFileReference; lastKnownFileType = sourcecode.swift; path = AlertViewablePresenter.swift; sourceTree = "<group>"; };
		A5BF216B20AEC6CF0064B3F8 /* AlertViewableViewController.swift */ = {isa = PBXFileReference; lastKnownFileType = sourcecode.swift; path = AlertViewableViewController.swift; sourceTree = "<group>"; };
		A5BF216C20AEC6CF0064B3F8 /* AlertViewableViewController.xib */ = {isa = PBXFileReference; lastKnownFileType = file.xib; path = AlertViewableViewController.xib; sourceTree = "<group>"; };
		A5BF217320AECB5B0064B3F8 /* AlertControllerShowingPresenter.swift */ = {isa = PBXFileReference; lastKnownFileType = sourcecode.swift; path = AlertControllerShowingPresenter.swift; sourceTree = "<group>"; };
		A5BF217420AECB5B0064B3F8 /* AlertControllerShowingViewController.swift */ = {isa = PBXFileReference; lastKnownFileType = sourcecode.swift; path = AlertControllerShowingViewController.swift; sourceTree = "<group>"; };
		A5BF217520AECB5B0064B3F8 /* AlertControllerShowingViewController.xib */ = {isa = PBXFileReference; lastKnownFileType = file.xib; path = AlertControllerShowingViewController.xib; sourceTree = "<group>"; };
		A5BF218920AEFA890064B3F8 /* TextInputsManagerViewController.swift */ = {isa = PBXFileReference; lastKnownFileType = sourcecode.swift; path = TextInputsManagerViewController.swift; sourceTree = "<group>"; };
		A5BF218A20AEFA890064B3F8 /* TextInputsManagerViewController.xib */ = {isa = PBXFileReference; lastKnownFileType = file.xib; path = TextInputsManagerViewController.xib; sourceTree = "<group>"; };
		A5D56A5020B29E9500A4985B /* SKUtilsTests.xctest */ = {isa = PBXFileReference; explicitFileType = wrapper.cfbundle; includeInIndex = 0; path = SKUtilsTests.xctest; sourceTree = BUILT_PRODUCTS_DIR; };
		A5D56A5420B29E9500A4985B /* Info.plist */ = {isa = PBXFileReference; lastKnownFileType = text.plist.xml; path = Info.plist; sourceTree = "<group>"; };
		A5D56A5B20B29F5000A4985B /* ValidationServiceTests.swift */ = {isa = PBXFileReference; lastKnownFileType = sourcecode.swift; path = ValidationServiceTests.swift; sourceTree = "<group>"; };
		A5D6A8142090E69700DF7495 /* Assets.xcassets */ = {isa = PBXFileReference; lastKnownFileType = folder.assetcatalog; path = Assets.xcassets; sourceTree = "<group>"; };
		A5D6A8162090E69700DF7495 /* Base */ = {isa = PBXFileReference; lastKnownFileType = file.storyboard; name = Base; path = Base.lproj/LaunchScreen.storyboard; sourceTree = "<group>"; };
		A5D6A8172090E69700DF7495 /* Info.plist */ = {isa = PBXFileReference; fileEncoding = 4; lastKnownFileType = text.plist.xml; path = Info.plist; sourceTree = "<group>"; };
		A5D6A8192090E69700DF7495 /* AppDelegate.swift */ = {isa = PBXFileReference; fileEncoding = 4; lastKnownFileType = sourcecode.swift; path = AppDelegate.swift; sourceTree = "<group>"; };
		A5DF680420D4EEFF005743EE /* TableViewing.swift */ = {isa = PBXFileReference; lastKnownFileType = sourcecode.swift; path = TableViewing.swift; sourceTree = "<group>"; };
		A5DF680620D4F0EC005743EE /* TableViewInserting.swift */ = {isa = PBXFileReference; lastKnownFileType = sourcecode.swift; path = TableViewInserting.swift; sourceTree = "<group>"; };
		A5DF680820D4F12C005743EE /* TableViewReloading.swift */ = {isa = PBXFileReference; lastKnownFileType = sourcecode.swift; path = TableViewReloading.swift; sourceTree = "<group>"; };
		A5DF680A20D4F3F9005743EE /* TableViewDeleting.swift */ = {isa = PBXFileReference; lastKnownFileType = sourcecode.swift; path = TableViewDeleting.swift; sourceTree = "<group>"; };
		A5DF680C20D4F48E005743EE /* TableViewMoving.swift */ = {isa = PBXFileReference; lastKnownFileType = sourcecode.swift; path = TableViewMoving.swift; sourceTree = "<group>"; };
		A5DF680E20D500F4005743EE /* DataSourceProviding.swift */ = {isa = PBXFileReference; lastKnownFileType = sourcecode.swift; path = DataSourceProviding.swift; sourceTree = "<group>"; };
		A5F47B5C20C910240073FDC8 /* ModalNavigationPresenter.swift */ = {isa = PBXFileReference; lastKnownFileType = sourcecode.swift; path = ModalNavigationPresenter.swift; sourceTree = "<group>"; };
		A5F47B5D20C910240073FDC8 /* ModalNavigationViewController.swift */ = {isa = PBXFileReference; lastKnownFileType = sourcecode.swift; path = ModalNavigationViewController.swift; sourceTree = "<group>"; };
		A5F47B5E20C910240073FDC8 /* ModalNavigationViewController.xib */ = {isa = PBXFileReference; lastKnownFileType = file.xib; path = ModalNavigationViewController.xib; sourceTree = "<group>"; };
		D552F8AD29741206B67E18A3 /* Pods_SKUtils.framework */ = {isa = PBXFileReference; explicitFileType = wrapper.framework; includeInIndex = 0; path = Pods_SKUtils.framework; sourceTree = BUILT_PRODUCTS_DIR; };
		EBB398974DA59C56A2EF3141 /* Pods-SKUtilsTests.release.xcconfig */ = {isa = PBXFileReference; includeInIndex = 1; lastKnownFileType = text.xcconfig; name = "Pods-SKUtilsTests.release.xcconfig"; path = "Pods/Target Support Files/Pods-SKUtilsTests/Pods-SKUtilsTests.release.xcconfig"; sourceTree = "<group>"; };
/* End PBXFileReference section */

/* Begin PBXFrameworksBuildPhase section */
		A54DE4402090DD97001C4410 /* Frameworks */ = {
			isa = PBXFrameworksBuildPhase;
			buildActionMask = 2147483647;
			files = (
				370B420E62BE40D10C259692 /* Pods_SKUtils.framework in Frameworks */,
			);
			runOnlyForDeploymentPostprocessing = 0;
		};
		A5D56A4D20B29E9500A4985B /* Frameworks */ = {
			isa = PBXFrameworksBuildPhase;
			buildActionMask = 2147483647;
			files = (
				7D8D631EBEFB4CAA9B01C45B /* libPods-SKUtilsTests.a in Frameworks */,
			);
			runOnlyForDeploymentPostprocessing = 0;
		};
/* End PBXFrameworksBuildPhase section */

/* Begin PBXGroup section */
		3D7DE504CB912316211C4CDB /* Frameworks */ = {
			isa = PBXGroup;
			children = (
				D552F8AD29741206B67E18A3 /* Pods_SKUtils.framework */,
				6A4260814E174C9FAD83EA78 /* libPods-SKUtilsTests.a */,
			);
			name = Frameworks;
			sourceTree = "<group>";
		};
		A407042E0E534DEEA2D201BE /* Pods */ = {
			isa = PBXGroup;
			children = (
				2A57DD245FC0CD92D382510F /* Pods-SKUtils.debug.xcconfig */,
				01DB9EE89C641BCEE366BCA1 /* Pods-SKUtils.release.xcconfig */,
				42D55529B406DB0773C98375 /* Pods-SKUtilsTests.debug.xcconfig */,
				EBB398974DA59C56A2EF3141 /* Pods-SKUtilsTests.release.xcconfig */,
			);
			name = Pods;
			sourceTree = "<group>";
		};
		A50EE35F20B0B2E7007DAFAD /* Presenter */ = {
			isa = PBXGroup;
			children = (
				A50EE36320B0B322007DAFAD /* TextInputsManagerPresenter.swift */,
			);
			path = Presenter;
			sourceTree = "<group>";
		};
		A511374620A2FA7400BC7C7D /* Misc */ = {
			isa = PBXGroup;
			children = (
				A5A5754820DB73D70052498D /* Animations */,
				A5DF680320D4EEE7005743EE /* TableView Protocols */,
				A593D6B420C8233000378D51 /* Custom Transitions */,
				A595D21D20C035AE00330556 /* Default Image Picker Alert Settings */,
				A595D21820C0352E00330556 /* Default App Settings Alert Strings Provider */,
				A5930C7920B5AC950080B982 /* Advanced Error Handling */,
				A511374720A2FA7400BC7C7D /* Common */,
			);
			path = Misc;
			sourceTree = "<group>";
		};
		A511374720A2FA7400BC7C7D /* Common */ = {
			isa = PBXGroup;
			children = (
				A511375720A2FAB700BC7C7D /* Extensions */,
				A511375420A2FAB700BC7C7D /* Protocols */,
			);
			path = Common;
			sourceTree = "<group>";
		};
		A511375420A2FAB700BC7C7D /* Protocols */ = {
			isa = PBXGroup;
			children = (
				A511375520A2FAB700BC7C7D /* Windowable.swift */,
				A511375620A2FAB700BC7C7D /* Navigatable.swift */,
			);
			path = Protocols;
			sourceTree = "<group>";
		};
		A511375720A2FAB700BC7C7D /* Extensions */ = {
			isa = PBXGroup;
			children = (
				A511375820A2FAB700BC7C7D /* DesignableView.swift */,
				A511375920A2FAB700BC7C7D /* UIView+Load.swift */,
				A511375A20A2FAB700BC7C7D /* UINavigationController+Utils.swift */,
				A511375B20A2FAB700BC7C7D /* Optional.swift */,
			);
			path = Extensions;
			sourceTree = "<group>";
		};
		A51137FC20A305E100BC7C7D /* Services */ = {
			isa = PBXGroup;
			children = (
				A5A4DA3E20B6BC8D005F55B0 /* Authentification Service */,
				A5930C6D20B59BAD0080B982 /* Network Error Parser */,
				A5930C6320B591F10080B982 /* IpDetectingService */,
				A51137FE20A3074C00BC7C7D /* ServicesRepository.swift */,
			);
			path = Services;
			sourceTree = "<group>";
		};
		A51137FD20A305E100BC7C7D /* Module */ = {
			isa = PBXGroup;
			children = (
				A511380020A3075100BC7C7D /* Module.swift */,
			);
			path = Module;
			sourceTree = "<group>";
		};
		A511380220A307A600BC7C7D /* Main Menu */ = {
			isa = PBXGroup;
			children = (
				A511380320A307A600BC7C7D /* Presenter */,
				A511380420A307A600BC7C7D /* View */,
			);
			path = "Main Menu";
			sourceTree = "<group>";
		};
		A511380320A307A600BC7C7D /* Presenter */ = {
			isa = PBXGroup;
			children = (
				A511380B20A307D100BC7C7D /* MainMenuPresenter.swift */,
			);
			path = Presenter;
			sourceTree = "<group>";
		};
		A511380420A307A600BC7C7D /* View */ = {
			isa = PBXGroup;
			children = (
				A511381320A31AF400BC7C7D /* Cell */,
				A511380620A307B700BC7C7D /* MainMenuViewController.swift */,
				A511380720A307B700BC7C7D /* MainMenuViewController.xib */,
			);
			path = View;
			sourceTree = "<group>";
		};
		A511380D20A3095000BC7C7D /* Module Builder */ = {
			isa = PBXGroup;
			children = (
				A511380E20A3095B00BC7C7D /* ModuleBuilder.swift */,
			);
			path = "Module Builder";
			sourceTree = "<group>";
		};
		A511381020A31A2500BC7C7D /* Data Models */ = {
			isa = PBXGroup;
			children = (
				A511381120A31A3100BC7C7D /* Example.swift */,
			);
			path = "Data Models";
			sourceTree = "<group>";
		};
		A511381320A31AF400BC7C7D /* Cell */ = {
			isa = PBXGroup;
			children = (
				A511381820A31B3300BC7C7D /* MainMenuCell.swift */,
				A511381C20A31B5000BC7C7D /* MainMenuCell.xib */,
				A511381920A31B3300BC7C7D /* MainMenuCellPresenter.swift */,
			);
			path = Cell;
			sourceTree = "<group>";
		};
		A520FA8F20B17AE300E4E219 /* Xib Loadable Example */ = {
			isa = PBXGroup;
			children = (
				A520FA9020B17B0700E4E219 /* Presenter */,
				A520FA9120B17B0700E4E219 /* View */,
			);
			path = "Xib Loadable Example";
			sourceTree = "<group>";
		};
		A520FA9020B17B0700E4E219 /* Presenter */ = {
			isa = PBXGroup;
			children = (
				A520FA9220B17B1900E4E219 /* XibLoadablePresenter.swift */,
			);
			path = Presenter;
			sourceTree = "<group>";
		};
		A520FA9120B17B0700E4E219 /* View */ = {
			isa = PBXGroup;
			children = (
				A520FA9820B17B3200E4E219 /* Custom View */,
				A520FA9320B17B1900E4E219 /* XibLoadableViewController.swift */,
				A520FA9420B17B1900E4E219 /* XibLoadableViewController.xib */,
			);
			path = View;
			sourceTree = "<group>";
		};
		A520FA9820B17B3200E4E219 /* Custom View */ = {
			isa = PBXGroup;
			children = (
				A520FA9920B17B4400E4E219 /* CustomView.swift */,
				A520FA9B20B17B6200E4E219 /* CustomView.xib */,
			);
			path = "Custom View";
			sourceTree = "<group>";
		};
		A520FA9D20B1818E00E4E219 /* App Settings Showing Example */ = {
			isa = PBXGroup;
			children = (
				A520FA9E20B1818E00E4E219 /* Presenter */,
				A520FA9F20B1818E00E4E219 /* View */,
			);
			path = "App Settings Showing Example";
			sourceTree = "<group>";
		};
		A520FA9E20B1818E00E4E219 /* Presenter */ = {
			isa = PBXGroup;
			children = (
				A520FAA020B181A900E4E219 /* AppSettingsPresenter.swift */,
			);
			path = Presenter;
			sourceTree = "<group>";
		};
		A520FA9F20B1818E00E4E219 /* View */ = {
			isa = PBXGroup;
			children = (
				A520FAA120B181A900E4E219 /* AppSettingsViewController.swift */,
				A520FAA220B181A900E4E219 /* AppSettingsViewController.xib */,
			);
			path = View;
			sourceTree = "<group>";
		};
		A520FAA620B1962000E4E219 /* Service Permissions Example */ = {
			isa = PBXGroup;
			children = (
				A520FAA720B1962000E4E219 /* Presenter */,
				A520FAA820B1962000E4E219 /* View */,
			);
			path = "Service Permissions Example";
			sourceTree = "<group>";
		};
		A520FAA720B1962000E4E219 /* Presenter */ = {
			isa = PBXGroup;
			children = (
				A520FAA920B1962F00E4E219 /* ServicePermissionsPresenter.swift */,
			);
			path = Presenter;
			sourceTree = "<group>";
		};
		A520FAA820B1962000E4E219 /* View */ = {
			isa = PBXGroup;
			children = (
				A520FAAA20B1962F00E4E219 /* ServicePermissionsViewController.swift */,
				A520FAAB20B1962F00E4E219 /* ServicePermissionsViewController.xib */,
			);
			path = View;
			sourceTree = "<group>";
		};
		A520FAAF20B1B07C00E4E219 /* Image Picking Example */ = {
			isa = PBXGroup;
			children = (
				A520FAB020B1B07C00E4E219 /* Presenter */,
				A520FAB120B1B07C00E4E219 /* View */,
			);
			path = "Image Picking Example";
			sourceTree = "<group>";
		};
		A520FAB020B1B07C00E4E219 /* Presenter */ = {
			isa = PBXGroup;
			children = (
				A520FAB220B1B0FC00E4E219 /* ImagePickerPresenter.swift */,
			);
			path = Presenter;
			sourceTree = "<group>";
		};
		A520FAB120B1B07C00E4E219 /* View */ = {
			isa = PBXGroup;
			children = (
				A520FAB320B1B0FC00E4E219 /* ImagePickerViewController.swift */,
				A520FAB420B1B0FC00E4E219 /* ImagePickerViewController.xib */,
			);
			path = View;
			sourceTree = "<group>";
		};
		A54DE43A2090DD97001C4410 = {
			isa = PBXGroup;
			children = (
				A5445C1020DD2B5B00B03832 /* TestData.swift */,
				A54DE4452090DD97001C4410 /* SKUtils */,
				A5D56A5120B29E9500A4985B /* SKUtilsTests */,
				A54DE4442090DD97001C4410 /* Products */,
				A407042E0E534DEEA2D201BE /* Pods */,
				3D7DE504CB912316211C4CDB /* Frameworks */,
			);
			sourceTree = "<group>";
		};
		A54DE4442090DD97001C4410 /* Products */ = {
			isa = PBXGroup;
			children = (
				A54DE4432090DD97001C4410 /* SKUtils.app */,
				A5D56A5020B29E9500A4985B /* SKUtilsTests.xctest */,
			);
			name = Products;
			sourceTree = "<group>";
		};
		A54DE4452090DD97001C4410 /* SKUtils */ = {
			isa = PBXGroup;
			children = (
				A511381020A31A2500BC7C7D /* Data Models */,
				A5D6A8182090E69700DF7495 /* Core */,
				A5D6A8112090E69700DF7495 /* Flows */,
				A511374620A2FA7400BC7C7D /* Misc */,
				A5D6A8132090E69700DF7495 /* Resources */,
			);
			path = SKUtils;
			sourceTree = "<group>";
		};
		A5664FD420C98863000AD03F /* Animations */ = {
			isa = PBXGroup;
			children = (
			);
			path = Animations;
			sourceTree = "<group>";
		};
		A5664FD720C98E09000AD03F /* Interactions */ = {
			isa = PBXGroup;
			children = (
				A5664FD820C98E26000AD03F /* PanInteractionController.swift */,
				A5349F7420E6C7B8009EBF3A /* PanForDismiss.swift */,
			);
			path = Interactions;
			sourceTree = "<group>";
		};
		A576814720B14884003F3C68 /* Text Inputs Example */ = {
			isa = PBXGroup;
			children = (
				A576814820B14884003F3C68 /* Presenter */,
				A576814920B14884003F3C68 /* View */,
			);
			path = "Text Inputs Example";
			sourceTree = "<group>";
		};
		A576814820B14884003F3C68 /* Presenter */ = {
			isa = PBXGroup;
			children = (
				A576814A20B148A5003F3C68 /* TextInputsPresenter.swift */,
			);
			path = Presenter;
			sourceTree = "<group>";
		};
		A576814920B14884003F3C68 /* View */ = {
			isa = PBXGroup;
			children = (
				A576814B20B148A5003F3C68 /* TextInputsViewController.swift */,
				A576814C20B148A5003F3C68 /* TextInputsViewController.xib */,
			);
			path = View;
			sourceTree = "<group>";
		};
		A5930C6320B591F10080B982 /* IpDetectingService */ = {
			isa = PBXGroup;
			children = (
				A5930C6420B591FF0080B982 /* IpDetectingService.swift */,
			);
			path = IpDetectingService;
			sourceTree = "<group>";
		};
		A5930C6620B592540080B982 /* Network Requests */ = {
			isa = PBXGroup;
			children = (
				A5930C6720B5935B0080B982 /* IpDetectingResponse.swift */,
				A5930C6820B5935B0080B982 /* IpDetectingRequest.swift */,
			);
			path = "Network Requests";
			sourceTree = "<group>";
		};
		A5930C6D20B59BAD0080B982 /* Network Error Parser */ = {
			isa = PBXGroup;
			children = (
				A5930C6E20B59BBB0080B982 /* NetworkErrorParser.swift */,
			);
			path = "Network Error Parser";
			sourceTree = "<group>";
		};
		A5930C7020B5A0360080B982 /* Networking Example */ = {
			isa = PBXGroup;
			children = (
				A5930C7120B5A0360080B982 /* Presenter */,
				A5930C7220B5A0360080B982 /* View */,
			);
			path = "Networking Example";
			sourceTree = "<group>";
		};
		A5930C7120B5A0360080B982 /* Presenter */ = {
			isa = PBXGroup;
			children = (
				A5930C7320B5A08F0080B982 /* NetworkPresenter.swift */,
			);
			path = Presenter;
			sourceTree = "<group>";
		};
		A5930C7220B5A0360080B982 /* View */ = {
			isa = PBXGroup;
			children = (
				A5930C7420B5A08F0080B982 /* NetworkViewController.swift */,
				A5930C7520B5A08F0080B982 /* NetworkViewController.xib */,
			);
			path = View;
			sourceTree = "<group>";
		};
		A5930C7920B5AC950080B982 /* Advanced Error Handling */ = {
			isa = PBXGroup;
			children = (
				A5930C7A20B5ACAB0080B982 /* AdvancedRequestErrorHandling.swift */,
			);
			path = "Advanced Error Handling";
			sourceTree = "<group>";
		};
		A593D6B420C8233000378D51 /* Custom Transitions */ = {
			isa = PBXGroup;
			children = (
				A5664FD720C98E09000AD03F /* Interactions */,
				A5664FD420C98863000AD03F /* Animations */,
			);
			path = "Custom Transitions";
			sourceTree = "<group>";
		};
		A595D21820C0352E00330556 /* Default App Settings Alert Strings Provider */ = {
			isa = PBXGroup;
			children = (
				A595D21920C0353600330556 /* DefaultAppSettingsAlertStringsProvider.swift */,
			);
			path = "Default App Settings Alert Strings Provider";
			sourceTree = "<group>";
		};
		A595D21D20C035AE00330556 /* Default Image Picker Alert Settings */ = {
			isa = PBXGroup;
			children = (
				A595D21B20C0355B00330556 /* DefaultImagePickerAlertSettings.swift */,
			);
			path = "Default Image Picker Alert Settings";
			sourceTree = "<group>";
		};
		A59C85F120DE68E30049BEA0 /* View Animations */ = {
			isa = PBXGroup;
			children = (
				A59C85F220DE68E30049BEA0 /* Presenter */,
				A59C85F320DE68E30049BEA0 /* View */,
			);
			name = "View Animations";
			path = "SKUtils/Flows/View Animations";
			sourceTree = SOURCE_ROOT;
		};
		A59C85F220DE68E30049BEA0 /* Presenter */ = {
			isa = PBXGroup;
			children = (
				A59C85F420DE69170049BEA0 /* ViewAnimationsPresenter.swift */,
			);
			path = Presenter;
			sourceTree = "<group>";
		};
		A59C85F320DE68E30049BEA0 /* View */ = {
			isa = PBXGroup;
			children = (
				A59C85F520DE69170049BEA0 /* ViewAnimationsViewController.swift */,
				A59C85F620DE69170049BEA0 /* ViewAnimationsViewController.xib */,
			);
			path = View;
			sourceTree = "<group>";
		};
		A5A4DA3E20B6BC8D005F55B0 /* Authentification Service */ = {
			isa = PBXGroup;
			children = (
				A5A4DA3F20B6BC9A005F55B0 /* AuthentificationService.swift */,
			);
			path = "Authentification Service";
			sourceTree = "<group>";
		};
		A5A5754820DB73D70052498D /* Animations */ = {
			isa = PBXGroup;
			children = (
				A5A5754920DB73D70052498D /* ViewAnimationProvider.swift */,
				A5A5754A20DB73D70052498D /* TransformAnimationProvider.swift */,
				A5A5754B20DB73D70052498D /* AlphaAnimationProvider.swift */,
				A5A5754C20DB73D70052498D /* UITableView+ReloadAnimation.swift */,
				A58DC16E20DC0CA400831114 /* UICollectionView+ReloadAnimation.swift */,
				A59C85FA20DE69CD0049BEA0 /* UIView+Animations.swift */,
			);
			path = Animations;
			sourceTree = "<group>";
		};
		A5BF215E20AEB5730064B3F8 /* Activity Viewable Example */ = {
			isa = PBXGroup;
			children = (
				A5BF215F20AEB5730064B3F8 /* Presenter */,
				A5BF216020AEB5730064B3F8 /* View */,
			);
			path = "Activity Viewable Example";
			sourceTree = "<group>";
		};
		A5BF215F20AEB5730064B3F8 /* Presenter */ = {
			isa = PBXGroup;
			children = (
				A5BF216120AEBF8D0064B3F8 /* ActivityViewablePresenter.swift */,
			);
			path = Presenter;
			sourceTree = "<group>";
		};
		A5BF216020AEB5730064B3F8 /* View */ = {
			isa = PBXGroup;
			children = (
				A5BF216220AEBF8D0064B3F8 /* ActivityViewableViewController.swift */,
				A5BF216320AEBF8D0064B3F8 /* ActivityViewableViewController.xib */,
			);
			path = View;
			sourceTree = "<group>";
		};
		A5BF216720AEC6AD0064B3F8 /* Alert Viewable Example */ = {
			isa = PBXGroup;
			children = (
				A5BF216820AEC6AD0064B3F8 /* Presenter */,
				A5BF216920AEC6AD0064B3F8 /* View */,
			);
			path = "Alert Viewable Example";
			sourceTree = "<group>";
		};
		A5BF216820AEC6AD0064B3F8 /* Presenter */ = {
			isa = PBXGroup;
			children = (
				A5BF216A20AEC6CF0064B3F8 /* AlertViewablePresenter.swift */,
			);
			path = Presenter;
			sourceTree = "<group>";
		};
		A5BF216920AEC6AD0064B3F8 /* View */ = {
			isa = PBXGroup;
			children = (
				A5BF216B20AEC6CF0064B3F8 /* AlertViewableViewController.swift */,
				A5BF216C20AEC6CF0064B3F8 /* AlertViewableViewController.xib */,
			);
			path = View;
			sourceTree = "<group>";
		};
		A5BF217020AECB430064B3F8 /* Alert Controller Showing Example */ = {
			isa = PBXGroup;
			children = (
				A5BF217120AECB430064B3F8 /* Presenter */,
				A5BF217220AECB430064B3F8 /* View */,
			);
			path = "Alert Controller Showing Example";
			sourceTree = "<group>";
		};
		A5BF217120AECB430064B3F8 /* Presenter */ = {
			isa = PBXGroup;
			children = (
				A5BF217320AECB5B0064B3F8 /* AlertControllerShowingPresenter.swift */,
			);
			path = Presenter;
			sourceTree = "<group>";
		};
		A5BF217220AECB430064B3F8 /* View */ = {
			isa = PBXGroup;
			children = (
				A5BF217420AECB5B0064B3F8 /* AlertControllerShowingViewController.swift */,
				A5BF217520AECB5B0064B3F8 /* AlertControllerShowingViewController.xib */,
			);
			path = View;
			sourceTree = "<group>";
		};
		A5BF218620AEFA080064B3F8 /* View */ = {
			isa = PBXGroup;
			children = (
				A5BF218920AEFA890064B3F8 /* TextInputsManagerViewController.swift */,
				A5BF218A20AEFA890064B3F8 /* TextInputsManagerViewController.xib */,
				A554696D20B06EC700919C85 /* TextInputsManagerScrollController.xib */,
			);
			path = View;
			sourceTree = "<group>";
		};
		A5D56A5120B29E9500A4985B /* SKUtilsTests */ = {
			isa = PBXGroup;
			children = (
				A5D56A5A20B29F3400A4985B /* Validation Service Tests */,
				A5D56A5420B29E9500A4985B /* Info.plist */,
			);
			path = SKUtilsTests;
			sourceTree = "<group>";
		};
		A5D56A5A20B29F3400A4985B /* Validation Service Tests */ = {
			isa = PBXGroup;
			children = (
				A5D56A5B20B29F5000A4985B /* ValidationServiceTests.swift */,
			);
			path = "Validation Service Tests";
			sourceTree = "<group>";
		};
		A5D6A8112090E69700DF7495 /* Flows */ = {
			isa = PBXGroup;
			children = (
				A511380220A307A600BC7C7D /* Main Menu */,
				A5BF215E20AEB5730064B3F8 /* Activity Viewable Example */,
				A5BF216720AEC6AD0064B3F8 /* Alert Viewable Example */,
				A5BF217020AECB430064B3F8 /* Alert Controller Showing Example */,
				A5D6A8122090E69700DF7495 /* Text Inputs Manager Example */,
				A576814720B14884003F3C68 /* Text Inputs Example */,
				A520FA8F20B17AE300E4E219 /* Xib Loadable Example */,
				A520FA9D20B1818E00E4E219 /* App Settings Showing Example */,
				A520FAAF20B1B07C00E4E219 /* Image Picking Example */,
				A520FAA620B1962000E4E219 /* Service Permissions Example */,
				A5930C7020B5A0360080B982 /* Networking Example */,
				A5F47B5920C90FE80073FDC8 /* Custom Modal Navigation */,
				A59C85F120DE68E30049BEA0 /* View Animations */,
			);
			path = Flows;
			sourceTree = "<group>";
		};
		A5D6A8122090E69700DF7495 /* Text Inputs Manager Example */ = {
			isa = PBXGroup;
			children = (
				A50EE35F20B0B2E7007DAFAD /* Presenter */,
				A5BF218620AEFA080064B3F8 /* View */,
			);
			path = "Text Inputs Manager Example";
			sourceTree = "<group>";
		};
		A5D6A8132090E69700DF7495 /* Resources */ = {
			isa = PBXGroup;
			children = (
				A5D6A8142090E69700DF7495 /* Assets.xcassets */,
				A5D6A8152090E69700DF7495 /* LaunchScreen.storyboard */,
				A5D6A8172090E69700DF7495 /* Info.plist */,
			);
			path = Resources;
			sourceTree = "<group>";
		};
		A5D6A8182090E69700DF7495 /* Core */ = {
			isa = PBXGroup;
			children = (
				A5930C6620B592540080B982 /* Network Requests */,
				A511380D20A3095000BC7C7D /* Module Builder */,
				A51137FD20A305E100BC7C7D /* Module */,
				A51137FC20A305E100BC7C7D /* Services */,
				A5D6A8192090E69700DF7495 /* AppDelegate.swift */,
			);
			path = Core;
			sourceTree = "<group>";
		};
		A5DF680320D4EEE7005743EE /* TableView Protocols */ = {
			isa = PBXGroup;
			children = (
				A5DF680420D4EEFF005743EE /* TableViewing.swift */,
				A5DF680E20D500F4005743EE /* DataSourceProviding.swift */,
				A5DF680820D4F12C005743EE /* TableViewReloading.swift */,
				A5DF680620D4F0EC005743EE /* TableViewInserting.swift */,
				A5DF680A20D4F3F9005743EE /* TableViewDeleting.swift */,
				A5DF680C20D4F48E005743EE /* TableViewMoving.swift */,
			);
			path = "TableView Protocols";
			sourceTree = "<group>";
		};
		A5F47B5920C90FE80073FDC8 /* Custom Modal Navigation */ = {
			isa = PBXGroup;
			children = (
				A5F47B5B20C910090073FDC8 /* Presenter */,
				A5F47B5A20C910090073FDC8 /* View */,
			);
			path = "Custom Modal Navigation";
			sourceTree = "<group>";
		};
		A5F47B5A20C910090073FDC8 /* View */ = {
			isa = PBXGroup;
			children = (
				A5F47B5D20C910240073FDC8 /* ModalNavigationViewController.swift */,
				A5F47B5E20C910240073FDC8 /* ModalNavigationViewController.xib */,
			);
			path = View;
			sourceTree = "<group>";
		};
		A5F47B5B20C910090073FDC8 /* Presenter */ = {
			isa = PBXGroup;
			children = (
				A5F47B5C20C910240073FDC8 /* ModalNavigationPresenter.swift */,
			);
			path = Presenter;
			sourceTree = "<group>";
		};
/* End PBXGroup section */

/* Begin PBXNativeTarget section */
		A54DE4422090DD97001C4410 /* SKUtils */ = {
			isa = PBXNativeTarget;
			buildConfigurationList = A54DE4552090DD98001C4410 /* Build configuration list for PBXNativeTarget "SKUtils" */;
			buildPhases = (
				7201312A314754A73FEACC49 /* [CP] Check Pods Manifest.lock */,
				A54DE43F2090DD97001C4410 /* Sources */,
				A54DE4402090DD97001C4410 /* Frameworks */,
				A54DE4412090DD97001C4410 /* Resources */,
				306AAD0537A4FB7D246FF547 /* [CP] Embed Pods Frameworks */,
				A5D6A81E2090E6B500DF7495 /* swiftlint */,
			);
			buildRules = (
			);
			dependencies = (
			);
			name = SKUtils;
			productName = SKUtils;
			productReference = A54DE4432090DD97001C4410 /* SKUtils.app */;
			productType = "com.apple.product-type.application";
		};
		A5D56A4F20B29E9500A4985B /* SKUtilsTests */ = {
			isa = PBXNativeTarget;
			buildConfigurationList = A5D56A5920B29E9500A4985B /* Build configuration list for PBXNativeTarget "SKUtilsTests" */;
			buildPhases = (
				7785DA31D77F59A02A547AC2 /* [CP] Check Pods Manifest.lock */,
				A5D56A4C20B29E9500A4985B /* Sources */,
				A5D56A4D20B29E9500A4985B /* Frameworks */,
				A5D56A4E20B29E9500A4985B /* Resources */,
			);
			buildRules = (
			);
			dependencies = (
				A5D56A5620B29E9500A4985B /* PBXTargetDependency */,
			);
			name = SKUtilsTests;
			productName = SKUtilsTests;
			productReference = A5D56A5020B29E9500A4985B /* SKUtilsTests.xctest */;
			productType = "com.apple.product-type.bundle.unit-test";
		};
/* End PBXNativeTarget section */

/* Begin PBXProject section */
		A54DE43B2090DD97001C4410 /* Project object */ = {
			isa = PBXProject;
			attributes = {
				LastSwiftUpdateCheck = 0930;
				LastUpgradeCheck = 0930;
				ORGANIZATIONNAME = "Sergey Kostyan";
				TargetAttributes = {
					A54DE4422090DD97001C4410 = {
						CreatedOnToolsVersion = 9.3;
					};
					A5D56A4F20B29E9500A4985B = {
						CreatedOnToolsVersion = 9.3;
						TestTargetID = A54DE4422090DD97001C4410;
					};
				};
			};
			buildConfigurationList = A54DE43E2090DD97001C4410 /* Build configuration list for PBXProject "SKUtils" */;
			compatibilityVersion = "Xcode 9.3";
			developmentRegion = en;
			hasScannedForEncodings = 0;
			knownRegions = (
				en,
				Base,
			);
			mainGroup = A54DE43A2090DD97001C4410;
			productRefGroup = A54DE4442090DD97001C4410 /* Products */;
			projectDirPath = "";
			projectRoot = "";
			targets = (
				A54DE4422090DD97001C4410 /* SKUtils */,
				A5D56A4F20B29E9500A4985B /* SKUtilsTests */,
			);
		};
/* End PBXProject section */

/* Begin PBXResourcesBuildPhase section */
		A54DE4412090DD97001C4410 /* Resources */ = {
			isa = PBXResourcesBuildPhase;
			buildActionMask = 2147483647;
			files = (
				A511381D20A31B5000BC7C7D /* MainMenuCell.xib in Resources */,
				A511380A20A307B700BC7C7D /* MainMenuViewController.xib in Resources */,
				A5BF216620AEBF8D0064B3F8 /* ActivityViewableViewController.xib in Resources */,
				A5930C7820B5A08F0080B982 /* NetworkViewController.xib in Resources */,
				A520FAB720B1B0FC00E4E219 /* ImagePickerViewController.xib in Resources */,
				A520FAA520B181A900E4E219 /* AppSettingsViewController.xib in Resources */,
				A59C85F920DE69170049BEA0 /* ViewAnimationsViewController.xib in Resources */,
				A5BF217820AECB5B0064B3F8 /* AlertControllerShowingViewController.xib in Resources */,
				A5F47B6120C910240073FDC8 /* ModalNavigationViewController.xib in Resources */,
				A520FA9720B17B1900E4E219 /* XibLoadableViewController.xib in Resources */,
				A520FA9C20B17B6200E4E219 /* CustomView.xib in Resources */,
				A554696E20B06EC700919C85 /* TextInputsManagerScrollController.xib in Resources */,
				A5BF216F20AEC6CF0064B3F8 /* AlertViewableViewController.xib in Resources */,
				A5D6A81A2090E69700DF7495 /* Assets.xcassets in Resources */,
				A5BF218D20AEFA890064B3F8 /* TextInputsManagerViewController.xib in Resources */,
				A576814F20B148A5003F3C68 /* TextInputsViewController.xib in Resources */,
				A5D6A81B2090E69700DF7495 /* LaunchScreen.storyboard in Resources */,
				A520FAAE20B1962F00E4E219 /* ServicePermissionsViewController.xib in Resources */,
			);
			runOnlyForDeploymentPostprocessing = 0;
		};
		A5D56A4E20B29E9500A4985B /* Resources */ = {
			isa = PBXResourcesBuildPhase;
			buildActionMask = 2147483647;
			files = (
			);
			runOnlyForDeploymentPostprocessing = 0;
		};
/* End PBXResourcesBuildPhase section */

/* Begin PBXShellScriptBuildPhase section */
		306AAD0537A4FB7D246FF547 /* [CP] Embed Pods Frameworks */ = {
			isa = PBXShellScriptBuildPhase;
			buildActionMask = 2147483647;
			files = (
			);
			inputPaths = (
				"${SRCROOT}/Pods/Target Support Files/Pods-SKUtils/Pods-SKUtils-frameworks.sh",
				"${BUILT_PRODUCTS_DIR}/AERecord/AERecord.framework",
				"${BUILT_PRODUCTS_DIR}/Alamofire/Alamofire.framework",
				"${BUILT_PRODUCTS_DIR}/AlamofireImage/AlamofireImage.framework",
				"${BUILT_PRODUCTS_DIR}/AlertActionBuilder/AlertActionBuilder.framework",
				"${BUILT_PRODUCTS_DIR}/NVActivityIndicatorView/NVActivityIndicatorView.framework",
				"${BUILT_PRODUCTS_DIR}/SKActivityViewable/SKActivityViewable.framework",
				"${BUILT_PRODUCTS_DIR}/SKAlertControllerBuilder/SKAlertControllerBuilder.framework",
				"${BUILT_PRODUCTS_DIR}/SKAlertControllerShowing/SKAlertControllerShowing.framework",
				"${BUILT_PRODUCTS_DIR}/SKAlertViewable/SKAlertViewable.framework",
				"${BUILT_PRODUCTS_DIR}/SKAnimator/SKAnimator.framework",
				"${BUILT_PRODUCTS_DIR}/SKAppSettingsShowing/SKAppSettingsShowing.framework",
				"${BUILT_PRODUCTS_DIR}/SKBluetoothPermissions/SKBluetoothPermissions.framework",
				"${BUILT_PRODUCTS_DIR}/SKCameraPermissions/SKCameraPermissions.framework",
				"${BUILT_PRODUCTS_DIR}/SKContactsPermissions/SKContactsPermissions.framework",
				"${BUILT_PRODUCTS_DIR}/SKCustomNavigation/SKCustomNavigation.framework",
				"${BUILT_PRODUCTS_DIR}/SKDataSources/SKDataSources.framework",
				"${BUILT_PRODUCTS_DIR}/SKImagePicking/SKImagePicking.framework",
				"${BUILT_PRODUCTS_DIR}/SKImagePreviewing/SKImagePreviewing.framework",
				"${BUILT_PRODUCTS_DIR}/SKLocalDataStorage/SKLocalDataStorage.framework",
				"${BUILT_PRODUCTS_DIR}/SKLocationPermissions/SKLocationPermissions.framework",
				"${BUILT_PRODUCTS_DIR}/SKMicrophonePermissions/SKMicrophonePermissions.framework",
				"${BUILT_PRODUCTS_DIR}/SKNetworkingLib/SKNetworkingLib.framework",
				"${BUILT_PRODUCTS_DIR}/SKPhotosPermissions/SKPhotosPermissions.framework",
				"${BUILT_PRODUCTS_DIR}/SKPickerViewManager/SKPickerViewManager.framework",
				"${BUILT_PRODUCTS_DIR}/SKServicePermissions/SKServicePermissions.framework",
				"${BUILT_PRODUCTS_DIR}/SKTextInputs/SKTextInputs.framework",
				"${BUILT_PRODUCTS_DIR}/SKTextInputsManager/SKTextInputsManager.framework",
				"${BUILT_PRODUCTS_DIR}/SKValidationService-framework/SKValidationService.framework",
				"${BUILT_PRODUCTS_DIR}/SKXibLoadableView/SKXibLoadableView.framework",
				"${BUILT_PRODUCTS_DIR}/SwiftyDrop/SwiftyDrop.framework",
			);
			name = "[CP] Embed Pods Frameworks";
			outputPaths = (
				"${TARGET_BUILD_DIR}/${FRAMEWORKS_FOLDER_PATH}/AERecord.framework",
				"${TARGET_BUILD_DIR}/${FRAMEWORKS_FOLDER_PATH}/Alamofire.framework",
				"${TARGET_BUILD_DIR}/${FRAMEWORKS_FOLDER_PATH}/AlamofireImage.framework",
				"${TARGET_BUILD_DIR}/${FRAMEWORKS_FOLDER_PATH}/AlertActionBuilder.framework",
				"${TARGET_BUILD_DIR}/${FRAMEWORKS_FOLDER_PATH}/NVActivityIndicatorView.framework",
				"${TARGET_BUILD_DIR}/${FRAMEWORKS_FOLDER_PATH}/SKActivityViewable.framework",
				"${TARGET_BUILD_DIR}/${FRAMEWORKS_FOLDER_PATH}/SKAlertControllerBuilder.framework",
				"${TARGET_BUILD_DIR}/${FRAMEWORKS_FOLDER_PATH}/SKAlertControllerShowing.framework",
				"${TARGET_BUILD_DIR}/${FRAMEWORKS_FOLDER_PATH}/SKAlertViewable.framework",
				"${TARGET_BUILD_DIR}/${FRAMEWORKS_FOLDER_PATH}/SKAnimator.framework",
				"${TARGET_BUILD_DIR}/${FRAMEWORKS_FOLDER_PATH}/SKAppSettingsShowing.framework",
				"${TARGET_BUILD_DIR}/${FRAMEWORKS_FOLDER_PATH}/SKBluetoothPermissions.framework",
				"${TARGET_BUILD_DIR}/${FRAMEWORKS_FOLDER_PATH}/SKCameraPermissions.framework",
				"${TARGET_BUILD_DIR}/${FRAMEWORKS_FOLDER_PATH}/SKContactsPermissions.framework",
				"${TARGET_BUILD_DIR}/${FRAMEWORKS_FOLDER_PATH}/SKCustomNavigation.framework",
				"${TARGET_BUILD_DIR}/${FRAMEWORKS_FOLDER_PATH}/SKDataSources.framework",
				"${TARGET_BUILD_DIR}/${FRAMEWORKS_FOLDER_PATH}/SKImagePicking.framework",
				"${TARGET_BUILD_DIR}/${FRAMEWORKS_FOLDER_PATH}/SKImagePreviewing.framework",
				"${TARGET_BUILD_DIR}/${FRAMEWORKS_FOLDER_PATH}/SKLocalDataStorage.framework",
				"${TARGET_BUILD_DIR}/${FRAMEWORKS_FOLDER_PATH}/SKLocationPermissions.framework",
				"${TARGET_BUILD_DIR}/${FRAMEWORKS_FOLDER_PATH}/SKMicrophonePermissions.framework",
				"${TARGET_BUILD_DIR}/${FRAMEWORKS_FOLDER_PATH}/SKNetworkingLib.framework",
				"${TARGET_BUILD_DIR}/${FRAMEWORKS_FOLDER_PATH}/SKPhotosPermissions.framework",
				"${TARGET_BUILD_DIR}/${FRAMEWORKS_FOLDER_PATH}/SKPickerViewManager.framework",
				"${TARGET_BUILD_DIR}/${FRAMEWORKS_FOLDER_PATH}/SKServicePermissions.framework",
				"${TARGET_BUILD_DIR}/${FRAMEWORKS_FOLDER_PATH}/SKTextInputs.framework",
				"${TARGET_BUILD_DIR}/${FRAMEWORKS_FOLDER_PATH}/SKTextInputsManager.framework",
				"${TARGET_BUILD_DIR}/${FRAMEWORKS_FOLDER_PATH}/SKValidationService.framework",
				"${TARGET_BUILD_DIR}/${FRAMEWORKS_FOLDER_PATH}/SKXibLoadableView.framework",
				"${TARGET_BUILD_DIR}/${FRAMEWORKS_FOLDER_PATH}/SwiftyDrop.framework",
			);
			runOnlyForDeploymentPostprocessing = 0;
			shellPath = /bin/sh;
			shellScript = "\"${SRCROOT}/Pods/Target Support Files/Pods-SKUtils/Pods-SKUtils-frameworks.sh\"\n";
			showEnvVarsInLog = 0;
		};
		7201312A314754A73FEACC49 /* [CP] Check Pods Manifest.lock */ = {
			isa = PBXShellScriptBuildPhase;
			buildActionMask = 2147483647;
			files = (
			);
			inputPaths = (
				"${PODS_PODFILE_DIR_PATH}/Podfile.lock",
				"${PODS_ROOT}/Manifest.lock",
			);
			name = "[CP] Check Pods Manifest.lock";
			outputPaths = (
				"$(DERIVED_FILE_DIR)/Pods-SKUtils-checkManifestLockResult.txt",
			);
			runOnlyForDeploymentPostprocessing = 0;
			shellPath = /bin/sh;
			shellScript = "diff \"${PODS_PODFILE_DIR_PATH}/Podfile.lock\" \"${PODS_ROOT}/Manifest.lock\" > /dev/null\nif [ $? != 0 ] ; then\n    # print error to STDERR\n    echo \"error: The sandbox is not in sync with the Podfile.lock. Run 'pod install' or update your CocoaPods installation.\" >&2\n    exit 1\nfi\n# This output is used by Xcode 'outputs' to avoid re-running this script phase.\necho \"SUCCESS\" > \"${SCRIPT_OUTPUT_FILE_0}\"\n";
			showEnvVarsInLog = 0;
		};
		7785DA31D77F59A02A547AC2 /* [CP] Check Pods Manifest.lock */ = {
			isa = PBXShellScriptBuildPhase;
			buildActionMask = 2147483647;
			files = (
			);
			inputPaths = (
				"${PODS_PODFILE_DIR_PATH}/Podfile.lock",
				"${PODS_ROOT}/Manifest.lock",
			);
			name = "[CP] Check Pods Manifest.lock";
			outputPaths = (
				"$(DERIVED_FILE_DIR)/Pods-SKUtilsTests-checkManifestLockResult.txt",
			);
			runOnlyForDeploymentPostprocessing = 0;
			shellPath = /bin/sh;
			shellScript = "diff \"${PODS_PODFILE_DIR_PATH}/Podfile.lock\" \"${PODS_ROOT}/Manifest.lock\" > /dev/null\nif [ $? != 0 ] ; then\n    # print error to STDERR\n    echo \"error: The sandbox is not in sync with the Podfile.lock. Run 'pod install' or update your CocoaPods installation.\" >&2\n    exit 1\nfi\n# This output is used by Xcode 'outputs' to avoid re-running this script phase.\necho \"SUCCESS\" > \"${SCRIPT_OUTPUT_FILE_0}\"\n";
			showEnvVarsInLog = 0;
		};
		A5D6A81E2090E6B500DF7495 /* swiftlint */ = {
			isa = PBXShellScriptBuildPhase;
			buildActionMask = 2147483647;
			files = (
			);
			inputPaths = (
			);
			name = swiftlint;
			outputPaths = (
			);
			runOnlyForDeploymentPostprocessing = 0;
			shellPath = /bin/sh;
			shellScript = "\"${PODS_ROOT}/SwiftLint/swiftlint\"";
		};
/* End PBXShellScriptBuildPhase section */

/* Begin PBXSourcesBuildPhase section */
		A54DE43F2090DD97001C4410 /* Sources */ = {
			isa = PBXSourcesBuildPhase;
			buildActionMask = 2147483647;
			files = (
				A5664FD920C98E26000AD03F /* PanInteractionController.swift in Sources */,
				A5A5754E20DB73D70052498D /* ViewAnimationProvider.swift in Sources */,
				A576814E20B148A5003F3C68 /* TextInputsViewController.swift in Sources */,
				A5930C7620B5A08F0080B982 /* NetworkPresenter.swift in Sources */,
				A520FAAC20B1962F00E4E219 /* ServicePermissionsPresenter.swift in Sources */,
				A5A5755020DB73D70052498D /* AlphaAnimationProvider.swift in Sources */,
				A511375D20A2FAB700BC7C7D /* Navigatable.swift in Sources */,
				A5BF216520AEBF8D0064B3F8 /* ActivityViewableViewController.swift in Sources */,
				A511376120A2FAB700BC7C7D /* Optional.swift in Sources */,
				A511375E20A2FAB700BC7C7D /* DesignableView.swift in Sources */,
				A51137FF20A3074C00BC7C7D /* ServicesRepository.swift in Sources */,
				A5A4DA4020B6BC9A005F55B0 /* AuthentificationService.swift in Sources */,
				A5F47B6020C910240073FDC8 /* ModalNavigationViewController.swift in Sources */,
				A5DF680720D4F0EC005743EE /* TableViewInserting.swift in Sources */,
				A511375F20A2FAB700BC7C7D /* UIView+Load.swift in Sources */,
				A59C85F720DE69170049BEA0 /* ViewAnimationsPresenter.swift in Sources */,
				A59C85F820DE69170049BEA0 /* ViewAnimationsViewController.swift in Sources */,
				A520FAA420B181A900E4E219 /* AppSettingsViewController.swift in Sources */,
				A511381A20A31B3300BC7C7D /* MainMenuCell.swift in Sources */,
				A5DF680520D4EEFF005743EE /* TableViewing.swift in Sources */,
				A520FAB520B1B0FC00E4E219 /* ImagePickerPresenter.swift in Sources */,
				A58DC16F20DC0CA400831114 /* UICollectionView+ReloadAnimation.swift in Sources */,
				A5930C6920B5935B0080B982 /* IpDetectingResponse.swift in Sources */,
				A5BF216E20AEC6CF0064B3F8 /* AlertViewableViewController.swift in Sources */,
				A5DF680B20D4F3F9005743EE /* TableViewDeleting.swift in Sources */,
				A5BF216420AEBF8D0064B3F8 /* ActivityViewablePresenter.swift in Sources */,
				A5A5755120DB73D70052498D /* UITableView+ReloadAnimation.swift in Sources */,
				A5BF217620AECB5B0064B3F8 /* AlertControllerShowingPresenter.swift in Sources */,
				A520FAAD20B1962F00E4E219 /* ServicePermissionsViewController.swift in Sources */,
				A511381B20A31B3300BC7C7D /* MainMenuCellPresenter.swift in Sources */,
				A520FAA320B181A900E4E219 /* AppSettingsPresenter.swift in Sources */,
				A5A5754F20DB73D70052498D /* TransformAnimationProvider.swift in Sources */,
				A5D6A81D2090E69700DF7495 /* AppDelegate.swift in Sources */,
				A576814D20B148A5003F3C68 /* TextInputsPresenter.swift in Sources */,
				A5930C6A20B5935B0080B982 /* IpDetectingRequest.swift in Sources */,
				A5BF217720AECB5B0064B3F8 /* AlertControllerShowingViewController.swift in Sources */,
				A5DF680F20D500F4005743EE /* DataSourceProviding.swift in Sources */,
				A5DF680D20D4F48E005743EE /* TableViewMoving.swift in Sources */,
				A5930C7720B5A08F0080B982 /* NetworkViewController.swift in Sources */,
				A595D21A20C0353600330556 /* DefaultAppSettingsAlertStringsProvider.swift in Sources */,
				A520FAB620B1B0FC00E4E219 /* ImagePickerViewController.swift in Sources */,
				A5BF218C20AEFA890064B3F8 /* TextInputsManagerViewController.swift in Sources */,
				A5F47B5F20C910240073FDC8 /* ModalNavigationPresenter.swift in Sources */,
				A5349F7520E6C7B8009EBF3A /* PanForDismiss.swift in Sources */,
				A511380C20A307D100BC7C7D /* MainMenuPresenter.swift in Sources */,
				A5930C6520B591FF0080B982 /* IpDetectingService.swift in Sources */,
				A520FA9A20B17B4400E4E219 /* CustomView.swift in Sources */,
				A520FA9620B17B1900E4E219 /* XibLoadableViewController.swift in Sources */,
				A5930C7B20B5ACAB0080B982 /* AdvancedRequestErrorHandling.swift in Sources */,
				A511380920A307B700BC7C7D /* MainMenuViewController.swift in Sources */,
				A5BF216D20AEC6CF0064B3F8 /* AlertViewablePresenter.swift in Sources */,
				A50EE36420B0B322007DAFAD /* TextInputsManagerPresenter.swift in Sources */,
				A5DF680920D4F12C005743EE /* TableViewReloading.swift in Sources */,
				A5445C1120DD2B5B00B03832 /* TestData.swift in Sources */,
				A511375C20A2FAB700BC7C7D /* Windowable.swift in Sources */,
				A59C85FB20DE69CD0049BEA0 /* UIView+Animations.swift in Sources */,
				A511380F20A3095B00BC7C7D /* ModuleBuilder.swift in Sources */,
				A520FA9520B17B1900E4E219 /* XibLoadablePresenter.swift in Sources */,
				A595D21C20C0355B00330556 /* DefaultImagePickerAlertSettings.swift in Sources */,
				A5930C6F20B59BBB0080B982 /* NetworkErrorParser.swift in Sources */,
				A511380120A3075100BC7C7D /* Module.swift in Sources */,
				A511376020A2FAB700BC7C7D /* UINavigationController+Utils.swift in Sources */,
				A511381220A31A3100BC7C7D /* Example.swift in Sources */,
			);
			runOnlyForDeploymentPostprocessing = 0;
		};
		A5D56A4C20B29E9500A4985B /* Sources */ = {
			isa = PBXSourcesBuildPhase;
			buildActionMask = 2147483647;
			files = (
				A5D56A5C20B29F5000A4985B /* ValidationServiceTests.swift in Sources */,
			);
			runOnlyForDeploymentPostprocessing = 0;
		};
/* End PBXSourcesBuildPhase section */

/* Begin PBXTargetDependency section */
		A5D56A5620B29E9500A4985B /* PBXTargetDependency */ = {
			isa = PBXTargetDependency;
			target = A54DE4422090DD97001C4410 /* SKUtils */;
			targetProxy = A5D56A5520B29E9500A4985B /* PBXContainerItemProxy */;
		};
/* End PBXTargetDependency section */

/* Begin PBXVariantGroup section */
		A5D6A8152090E69700DF7495 /* LaunchScreen.storyboard */ = {
			isa = PBXVariantGroup;
			children = (
				A5D6A8162090E69700DF7495 /* Base */,
			);
			name = LaunchScreen.storyboard;
			sourceTree = "<group>";
		};
/* End PBXVariantGroup section */

/* Begin XCBuildConfiguration section */
		A54DE4532090DD98001C4410 /* Debug */ = {
			isa = XCBuildConfiguration;
			buildSettings = {
				ALWAYS_SEARCH_USER_PATHS = NO;
				CLANG_ANALYZER_NONNULL = YES;
				CLANG_ANALYZER_NUMBER_OBJECT_CONVERSION = YES_AGGRESSIVE;
				CLANG_CXX_LANGUAGE_STANDARD = "gnu++14";
				CLANG_CXX_LIBRARY = "libc++";
				CLANG_ENABLE_MODULES = YES;
				CLANG_ENABLE_OBJC_ARC = YES;
				CLANG_ENABLE_OBJC_WEAK = YES;
				CLANG_WARN_BLOCK_CAPTURE_AUTORELEASING = YES;
				CLANG_WARN_BOOL_CONVERSION = YES;
				CLANG_WARN_COMMA = YES;
				CLANG_WARN_CONSTANT_CONVERSION = YES;
				CLANG_WARN_DEPRECATED_OBJC_IMPLEMENTATIONS = YES;
				CLANG_WARN_DIRECT_OBJC_ISA_USAGE = YES_ERROR;
				CLANG_WARN_DOCUMENTATION_COMMENTS = YES;
				CLANG_WARN_EMPTY_BODY = YES;
				CLANG_WARN_ENUM_CONVERSION = YES;
				CLANG_WARN_INFINITE_RECURSION = YES;
				CLANG_WARN_INT_CONVERSION = YES;
				CLANG_WARN_NON_LITERAL_NULL_CONVERSION = YES;
				CLANG_WARN_OBJC_IMPLICIT_RETAIN_SELF = YES;
				CLANG_WARN_OBJC_LITERAL_CONVERSION = YES;
				CLANG_WARN_OBJC_ROOT_CLASS = YES_ERROR;
				CLANG_WARN_RANGE_LOOP_ANALYSIS = YES;
				CLANG_WARN_STRICT_PROTOTYPES = YES;
				CLANG_WARN_SUSPICIOUS_MOVE = YES;
				CLANG_WARN_UNGUARDED_AVAILABILITY = YES_AGGRESSIVE;
				CLANG_WARN_UNREACHABLE_CODE = YES;
				CLANG_WARN__DUPLICATE_METHOD_MATCH = YES;
				CODE_SIGN_IDENTITY = "iPhone Developer";
				COPY_PHASE_STRIP = NO;
				DEBUG_INFORMATION_FORMAT = dwarf;
				ENABLE_STRICT_OBJC_MSGSEND = YES;
				ENABLE_TESTABILITY = YES;
				GCC_C_LANGUAGE_STANDARD = gnu11;
				GCC_DYNAMIC_NO_PIC = NO;
				GCC_NO_COMMON_BLOCKS = YES;
				GCC_OPTIMIZATION_LEVEL = 0;
				GCC_PREPROCESSOR_DEFINITIONS = (
					"DEBUG=1",
					"$(inherited)",
				);
				GCC_WARN_64_TO_32_BIT_CONVERSION = YES;
				GCC_WARN_ABOUT_RETURN_TYPE = YES_ERROR;
				GCC_WARN_UNDECLARED_SELECTOR = YES;
				GCC_WARN_UNINITIALIZED_AUTOS = YES_AGGRESSIVE;
				GCC_WARN_UNUSED_FUNCTION = YES;
				GCC_WARN_UNUSED_VARIABLE = YES;
				IPHONEOS_DEPLOYMENT_TARGET = 11.3;
				MTL_ENABLE_DEBUG_INFO = YES;
				ONLY_ACTIVE_ARCH = YES;
				SDKROOT = iphoneos;
				SWIFT_ACTIVE_COMPILATION_CONDITIONS = DEBUG;
				SWIFT_OPTIMIZATION_LEVEL = "-Onone";
			};
			name = Debug;
		};
		A54DE4542090DD98001C4410 /* Release */ = {
			isa = XCBuildConfiguration;
			buildSettings = {
				ALWAYS_SEARCH_USER_PATHS = NO;
				CLANG_ANALYZER_NONNULL = YES;
				CLANG_ANALYZER_NUMBER_OBJECT_CONVERSION = YES_AGGRESSIVE;
				CLANG_CXX_LANGUAGE_STANDARD = "gnu++14";
				CLANG_CXX_LIBRARY = "libc++";
				CLANG_ENABLE_MODULES = YES;
				CLANG_ENABLE_OBJC_ARC = YES;
				CLANG_ENABLE_OBJC_WEAK = YES;
				CLANG_WARN_BLOCK_CAPTURE_AUTORELEASING = YES;
				CLANG_WARN_BOOL_CONVERSION = YES;
				CLANG_WARN_COMMA = YES;
				CLANG_WARN_CONSTANT_CONVERSION = YES;
				CLANG_WARN_DEPRECATED_OBJC_IMPLEMENTATIONS = YES;
				CLANG_WARN_DIRECT_OBJC_ISA_USAGE = YES_ERROR;
				CLANG_WARN_DOCUMENTATION_COMMENTS = YES;
				CLANG_WARN_EMPTY_BODY = YES;
				CLANG_WARN_ENUM_CONVERSION = YES;
				CLANG_WARN_INFINITE_RECURSION = YES;
				CLANG_WARN_INT_CONVERSION = YES;
				CLANG_WARN_NON_LITERAL_NULL_CONVERSION = YES;
				CLANG_WARN_OBJC_IMPLICIT_RETAIN_SELF = YES;
				CLANG_WARN_OBJC_LITERAL_CONVERSION = YES;
				CLANG_WARN_OBJC_ROOT_CLASS = YES_ERROR;
				CLANG_WARN_RANGE_LOOP_ANALYSIS = YES;
				CLANG_WARN_STRICT_PROTOTYPES = YES;
				CLANG_WARN_SUSPICIOUS_MOVE = YES;
				CLANG_WARN_UNGUARDED_AVAILABILITY = YES_AGGRESSIVE;
				CLANG_WARN_UNREACHABLE_CODE = YES;
				CLANG_WARN__DUPLICATE_METHOD_MATCH = YES;
				CODE_SIGN_IDENTITY = "iPhone Developer";
				COPY_PHASE_STRIP = NO;
				DEBUG_INFORMATION_FORMAT = "dwarf-with-dsym";
				ENABLE_NS_ASSERTIONS = NO;
				ENABLE_STRICT_OBJC_MSGSEND = YES;
				GCC_C_LANGUAGE_STANDARD = gnu11;
				GCC_NO_COMMON_BLOCKS = YES;
				GCC_WARN_64_TO_32_BIT_CONVERSION = YES;
				GCC_WARN_ABOUT_RETURN_TYPE = YES_ERROR;
				GCC_WARN_UNDECLARED_SELECTOR = YES;
				GCC_WARN_UNINITIALIZED_AUTOS = YES_AGGRESSIVE;
				GCC_WARN_UNUSED_FUNCTION = YES;
				GCC_WARN_UNUSED_VARIABLE = YES;
				IPHONEOS_DEPLOYMENT_TARGET = 11.3;
				MTL_ENABLE_DEBUG_INFO = NO;
				SDKROOT = iphoneos;
				SWIFT_COMPILATION_MODE = wholemodule;
				SWIFT_OPTIMIZATION_LEVEL = "-O";
				VALIDATE_PRODUCT = YES;
			};
			name = Release;
		};
		A54DE4562090DD98001C4410 /* Debug */ = {
			isa = XCBuildConfiguration;
			baseConfigurationReference = 2A57DD245FC0CD92D382510F /* Pods-SKUtils.debug.xcconfig */;
			buildSettings = {
				ASSETCATALOG_COMPILER_APPICON_NAME = AppIcon;
				CODE_SIGN_STYLE = Automatic;
				DEVELOPMENT_TEAM = 29H3T5527V;
				INFOPLIST_FILE = SKUtils/Resources/Info.plist;
				IPHONEOS_DEPLOYMENT_TARGET = 11.0;
				LD_RUNPATH_SEARCH_PATHS = "$(inherited) @executable_path/Frameworks";
				PRODUCT_BUNDLE_IDENTIFIER = com.sk.SKUtils;
				PRODUCT_NAME = "$(TARGET_NAME)";
				SWIFT_VERSION = 4.0;
				TARGETED_DEVICE_FAMILY = "1,2";
			};
			name = Debug;
		};
		A54DE4572090DD98001C4410 /* Release */ = {
			isa = XCBuildConfiguration;
			baseConfigurationReference = 01DB9EE89C641BCEE366BCA1 /* Pods-SKUtils.release.xcconfig */;
			buildSettings = {
				ASSETCATALOG_COMPILER_APPICON_NAME = AppIcon;
				CODE_SIGN_STYLE = Automatic;
				DEVELOPMENT_TEAM = 29H3T5527V;
				INFOPLIST_FILE = SKUtils/Resources/Info.plist;
				IPHONEOS_DEPLOYMENT_TARGET = 11.0;
				LD_RUNPATH_SEARCH_PATHS = "$(inherited) @executable_path/Frameworks";
				PRODUCT_BUNDLE_IDENTIFIER = com.sk.SKUtils;
				PRODUCT_NAME = "$(TARGET_NAME)";
				SWIFT_VERSION = 4.0;
				TARGETED_DEVICE_FAMILY = "1,2";
			};
			name = Release;
		};
		A5D56A5720B29E9500A4985B /* Debug */ = {
			isa = XCBuildConfiguration;
			baseConfigurationReference = 42D55529B406DB0773C98375 /* Pods-SKUtilsTests.debug.xcconfig */;
			buildSettings = {
				BUNDLE_LOADER = "$(TEST_HOST)";
				CODE_SIGN_STYLE = Automatic;
				INFOPLIST_FILE = SKUtilsTests/Info.plist;
				LD_RUNPATH_SEARCH_PATHS = "$(inherited) @executable_path/Frameworks @loader_path/Frameworks";
				PRODUCT_BUNDLE_IDENTIFIER = com.theappsolutions.SKUtilsTests;
				PRODUCT_NAME = "$(TARGET_NAME)";
				SWIFT_VERSION = 4.0;
				TARGETED_DEVICE_FAMILY = "1,2";
				TEST_HOST = "$(BUILT_PRODUCTS_DIR)/SKUtils.app/SKUtils";
			};
			name = Debug;
		};
		A5D56A5820B29E9500A4985B /* Release */ = {
			isa = XCBuildConfiguration;
			baseConfigurationReference = EBB398974DA59C56A2EF3141 /* Pods-SKUtilsTests.release.xcconfig */;
			buildSettings = {
				BUNDLE_LOADER = "$(TEST_HOST)";
				CODE_SIGN_STYLE = Automatic;
				INFOPLIST_FILE = SKUtilsTests/Info.plist;
				LD_RUNPATH_SEARCH_PATHS = "$(inherited) @executable_path/Frameworks @loader_path/Frameworks";
				PRODUCT_BUNDLE_IDENTIFIER = com.theappsolutions.SKUtilsTests;
				PRODUCT_NAME = "$(TARGET_NAME)";
				SWIFT_VERSION = 4.0;
				TARGETED_DEVICE_FAMILY = "1,2";
				TEST_HOST = "$(BUILT_PRODUCTS_DIR)/SKUtils.app/SKUtils";
			};
			name = Release;
		};
/* End XCBuildConfiguration section */

/* Begin XCConfigurationList section */
		A54DE43E2090DD97001C4410 /* Build configuration list for PBXProject "SKUtils" */ = {
			isa = XCConfigurationList;
			buildConfigurations = (
				A54DE4532090DD98001C4410 /* Debug */,
				A54DE4542090DD98001C4410 /* Release */,
			);
			defaultConfigurationIsVisible = 0;
			defaultConfigurationName = Release;
		};
		A54DE4552090DD98001C4410 /* Build configuration list for PBXNativeTarget "SKUtils" */ = {
			isa = XCConfigurationList;
			buildConfigurations = (
				A54DE4562090DD98001C4410 /* Debug */,
				A54DE4572090DD98001C4410 /* Release */,
			);
			defaultConfigurationIsVisible = 0;
			defaultConfigurationName = Release;
		};
		A5D56A5920B29E9500A4985B /* Build configuration list for PBXNativeTarget "SKUtilsTests" */ = {
			isa = XCConfigurationList;
			buildConfigurations = (
				A5D56A5720B29E9500A4985B /* Debug */,
				A5D56A5820B29E9500A4985B /* Release */,
			);
			defaultConfigurationIsVisible = 0;
			defaultConfigurationName = Release;
		};
/* End XCConfigurationList section */
	};
	rootObject = A54DE43B2090DD97001C4410 /* Project object */;
}
