PODS:
  - AERecord (4.1.2)
  - Alamofire (4.7.3)
  - AlamofireImage (3.4.1):
    - Alamofire (~> 4.7)
  - AlertActionBuilder (0.1.0)
  - NVActivityIndicatorView (4.4.0):
    - NVActivityIndicatorView/Presenter (= 4.4.0)
  - NVActivityIndicatorView/Presenter (4.4.0)
  - SKActivityViewable (0.0.3):
    - NVActivityIndicatorView
  - SKAlertControllerBuilder (0.0.7):
    - AlertActionBuilder
  - SKAlertControllerShowing (0.1.4):
    - AlertActionBuilder
    - SKAlertControllerBuilder
  - SKAlertViewable (0.0.3)
  - SKAnimator (0.0.4)
  - SKAppSettingsShowing (0.1.6):
    - AlertActionBuilder
    - SKAlertControllerBuilder
    - SKAlertControllerShowing
  - SKBluetoothPermissions (0.0.4)
  - SKCameraPermissions (0.0.5)
  - SKContactsPermissions (0.0.5)
  - SKCustomNavigation (0.1.6):
    - SKAnimator
  - SKDataSources (0.2.0)
  - SKImagePicking (0.1.2):
    - AlertActionBuilder
    - SKAlertControllerBuilder
    - SKAlertControllerShowing
    - SKAppSettingsShowing
    - SKCameraPermissions
    - SKPhotosPermissions
  - SKImagePreviewing (0.0.5):
    - AlamofireImage
    - SKDataSources
  - SKLocalDataStorage (0.0.4):
    - AERecord
  - SKLocationPermissions (0.0.6)
  - SKMicrophonePermissions (0.0.6)
  - SKNetworkingLib (0.1.0):
    - Alamofire
    - SKActivityViewable
    - SKAlertViewable
  - SKPhotosPermissions (0.0.6)
  - SKPickerViewManager (0.0.6)
  - SKTextInputs (0.0.9):
    - SKPickerViewManager
  - SKTextInputsManager (0.1.3)
  - SKValidationService (0.0.7)
  - SwiftLint (0.27.0)

DEPENDENCIES:
  - AlertActionBuilder
  - SKActivityViewable
  - SKAlertControllerBuilder
  - SKAlertControllerShowing
  - SKAlertViewable
  - SKAnimator
  - SKAppSettingsShowing
  - SKBluetoothPermissions
  - SKCameraPermissions
  - SKContactsPermissions
  - SKCustomNavigation
  - SKDataSources
  - SKImagePicking
  - SKImagePreviewing
  - SKLocalDataStorage
  - SKLocationPermissions
  - SKMicrophonePermissions
  - SKNetworkingLib (from `~/Projects/Networking`)
  - SKPhotosPermissions
  - SKPickerViewManager
  - SKTextInputs
  - SKTextInputsManager
  - SKValidationService
  - SwiftLint

SPEC REPOS:
  https://github.com/cocoapods/specs.git:
    - AERecord
    - Alamofire
    - AlamofireImage
    - AlertActionBuilder
    - NVActivityIndicatorView
    - SKActivityViewable
    - SKAlertControllerBuilder
    - SKAlertControllerShowing
    - SKAlertViewable
    - SKAnimator
    - SKAppSettingsShowing
    - SKBluetoothPermissions
    - SKCameraPermissions
    - SKContactsPermissions
    - SKCustomNavigation
    - SKDataSources
    - SKImagePicking
    - SKImagePreviewing
    - SKLocalDataStorage
    - SKLocationPermissions
    - SKMicrophonePermissions
    - SKPhotosPermissions
    - SKPickerViewManager
    - SKTextInputs
    - SKTextInputsManager
    - SKValidationService
    - SwiftLint

EXTERNAL SOURCES:
  SKNetworkingLib:
    :path: "~/Projects/Networking"

SPEC CHECKSUMS:
  AERecord: ee8e773baa650731f06e89546a8f97e28fe00c32
  Alamofire: c7287b6e5d7da964a70935e5db17046b7fde6568
  AlamofireImage: 78d67ccbb763d87ba44b21583d2153500a195630
  AlertActionBuilder: 99155b80aa3c07fbc129a9a42e67f20db0bc8030
  NVActivityIndicatorView: ec7440a57af2450319d3a4181cca7da6fc127064
  SKActivityViewable: b7903988fb525cb7c9a843b4af9191972a22886d
  SKAlertControllerBuilder: e528d6c3d86645defb352ef7b62b8931c4961452
  SKAlertControllerShowing: c9ecb687a25c547c47a74d86cab65e87349ac4c9
  SKAlertViewable: 4c0a57be31de9483b420893d11fbb842dd646dab
  SKAnimator: 5627068c93b14c1e079e414566bc7bbb856ace61
  SKAppSettingsShowing: 0944a552bb15ac69b74645af8e0d9bbb99a9bdcd
  SKBluetoothPermissions: 2c440c62a9bb68ad75efd71e7917f9bd86b4138a
  SKCameraPermissions: 0c71b811ac4ab21880ea6c977edcc19af268f3ce
  SKContactsPermissions: d17a6997f33a468862ddde6a3697c6e20a3c6c99
  SKCustomNavigation: a75e1adb53915afc7a9c4b3064675a3ad442da08
  SKDataSources: 0888fc281da4968f9c3f55d38a3f79755f7f7d3b
  SKImagePicking: d4d736b4b3a22acae465296b78964e3fb62defbd
  SKImagePreviewing: b400df61052b9170266929f51c0372ae8cc4bf16
  SKLocalDataStorage: b5852faf943ba98765c4feb712e8fefb16df98da
  SKLocationPermissions: b3b6367c2fa09bc971b5629d349ebc37ac63042d
  SKMicrophonePermissions: b50140087758f15ac96e8eb724e6004d4e488e9c
  SKNetworkingLib: 0b086f1ce57c6f609b9a741d4c0ff97d11ffa5cf
  SKPhotosPermissions: 47a0d2c69ff58f6ba05b55193c6c1f3d72f4a3f8
  SKPickerViewManager: f7a121262da9ed166eb9b06568229000ec88e1c3
  SKTextInputs: 2cb8b68e66fe1b52a36e5b8ae2eff7fade192775
  SKTextInputsManager: a431d8011cd81492a582198e4fbeaf9ed57fd4e1
  SKValidationService: 1adc07932733563ad994be092743e67fdf7f726d
  SwiftLint: 3207c1faa2240bf8973b191820a116113cd11073

PODFILE CHECKSUM: 25f257c98d1db8f2acfcce544e3dd7d21fe9d8fe

COCOAPODS: 1.5.3
