PODS:
  - AERecord (4.1.0)
  - Alamofire (4.7.2)
  - AlertActionBuilder (0.0.2)
  - NVActivityIndicatorView (4.2.1):
    - NVActivityIndicatorView/Presenter (= 4.2.1)
  - NVActivityIndicatorView/Presenter (4.2.1)
  - SKActivityViewable (0.0.1):
    - NVActivityIndicatorView
  - SKAlertControllerBuilder (0.0.1):
    - AlertActionBuilder
  - SKAlertControllerShowing (0.0.5):
    - AlertActionBuilder
    - SKAlertControllerBuilder
  - SKAlertViewable (0.0.1):
    - SwiftyDrop
  - SKAppSettingsShowing (0.0.4):
    - AlertActionBuilder
    - SKAlertControllerBuilder
    - SKAlertControllerShowing
  - SKBluetoothPermissions (0.0.3):
    - SKServicePermissions
  - SKCameraPermissions (0.0.3):
    - SKServicePermissions
  - SKContactsPermissions (0.0.3):
    - SKServicePermissions
  - SKCustomNavigation (0.0.3)
  - SKDataSources (0.0.5)
  - SKImagePicking (0.0.4):
    - AlertActionBuilder
    - SKAlertControllerBuilder
    - SKAlertControllerShowing
    - SKAppSettingsShowing
    - SKCameraPermissions
    - SKPhotosPermissions
  - SKLocalDataStorage (0.0.1):
    - AERecord
  - SKLocationPermissions (0.0.3):
    - SKServicePermissions
  - SKMicrophonePermissions (0.0.3):
    - SKServicePermissions
  - SKNetworkingLib (0.0.1):
    - Alamofire
    - NVActivityIndicatorView
    - SKActivityViewable
    - SKAlertViewable
    - SwiftyDrop
  - SKPhotosPermissions (0.0.3):
    - SKServicePermissions
  - SKPickerViewManager (0.0.1)
  - SKServicePermissions (0.0.1)
  - SKTextInputs (0.0.2):
    - SKPickerViewManager
  - SKTextInputsManager (0.0.6)
  - SKValidationService (0.0.2)
  - SKXibLoadableView (0.0.1)
  - SwiftLint (0.25.1)
  - SwiftyDrop (4.1.0)

DEPENDENCIES:
  - AlertActionBuilder (from `/Users/sergey/Work/Pods/AlertActionBuilder`)
  - SKActivityViewable
  - SKAlertControllerBuilder (from `/Users/sergey/Work/Pods/AlertControllerBuilder`)
  - SKAlertControllerShowing (from `/Users/sergey/Work/Pods/AlertControllerShowing`)
  - SKAlertViewable
  - SKAppSettingsShowing (from `/Users/Sergey/Work/Pods/AppSettingsShowing`)
  - SKBluetoothPermissions
  - SKCameraPermissions
  - SKContactsPermissions
  - SKCustomNavigation
  - SKDataSources
  - SKImagePicking (from `/Users/Sergey/Work/Pods/ImagePicking`)
  - SKLocalDataStorage
  - SKLocationPermissions
  - SKMicrophonePermissions
  - SKNetworkingLib
  - SKPhotosPermissions
  - SKPickerViewManager
  - SKServicePermissions
  - SKTextInputs
  - SKTextInputsManager
  - SKValidationService
  - SKXibLoadableView
  - SwiftLint

SPEC REPOS:
  https://github.com/cocoapods/specs.git:
    - AERecord
    - Alamofire
    - NVActivityIndicatorView
    - SKActivityViewable
    - SKAlertViewable
    - SKBluetoothPermissions
    - SKCameraPermissions
    - SKContactsPermissions
    - SKCustomNavigation
    - SKDataSources
    - SKLocalDataStorage
    - SKLocationPermissions
    - SKMicrophonePermissions
    - SKNetworkingLib
    - SKPhotosPermissions
    - SKPickerViewManager
    - SKServicePermissions
    - SKTextInputs
    - SKTextInputsManager
    - SKValidationService
    - SKXibLoadableView
    - SwiftLint
    - SwiftyDrop

EXTERNAL SOURCES:
  AlertActionBuilder:
    :path: "/Users/sergey/Work/Pods/AlertActionBuilder"
  SKAlertControllerBuilder:
    :path: "/Users/sergey/Work/Pods/AlertControllerBuilder"
  SKAlertControllerShowing:
    :path: "/Users/sergey/Work/Pods/AlertControllerShowing"
  SKAppSettingsShowing:
    :path: "/Users/Sergey/Work/Pods/AppSettingsShowing"
  SKImagePicking:
    :path: "/Users/Sergey/Work/Pods/ImagePicking"

SPEC CHECKSUMS:
  AERecord: 8dcaff86717951c50b463d1f130f2f57f7c8dbec
  Alamofire: e4fa87002c137ba2d8d634d2c51fabcda0d5c223
  AlertActionBuilder: ea4a4af7ded7100a8675647c665f87eca064ea54
  NVActivityIndicatorView: 8068ba3ad39cb44cbaab25d89ff2546b3f092681
  SKActivityViewable: 7ee5e9ef8cb24f66ef4605773518aba5a8f7a28e
  SKAlertControllerBuilder: 21b0bcd7dac43e8f89ac35e2e48a3580808c4f26
  SKAlertControllerShowing: 4fde00f0870d4cce52001e7ed169af2fab5c0982
  SKAlertViewable: 431917d11186579dfa4f7265764150c231fba1bf
  SKAppSettingsShowing: 5351a2ac2b7e3453b1086a2b89b294971b73c3e5
  SKBluetoothPermissions: 6abf8612131b5fb60d35973e3f98bb647373a40d
  SKCameraPermissions: d5da7192bf51beea2e3eafe9b783aac577c7ca73
  SKContactsPermissions: 4d020f4b68512fe81dad957df0161476463d37da
  SKCustomNavigation: fea3ad208238b4ada128c0ffaab3b2d9130ca5d0
  SKDataSources: 366a136d7d69b5de234f109db8ac28d451d62725
  SKImagePicking: 6eef00b11454fda500a951b126d3081737ce771f
  SKLocalDataStorage: 4aec2ab30882ce3e5fd4c5e97199dfbfd83cf8ef
  SKLocationPermissions: 9eb44edf1e24269b4707d92768f6c559e096f967
  SKMicrophonePermissions: 54849d5100b08365db3f0d63aae9489968bbf398
  SKNetworkingLib: b652ede9c5acbac2660360d4b65f085a19287bf3
  SKPhotosPermissions: f4e3422ff8c8ecfc468e55b2ea33b5221391ec25
  SKPickerViewManager: 519aa6f95f869280ad57b68be97bd076b87ed7ea
  SKServicePermissions: a88738892141dc5e79371664986b46f38aaeb223
  SKTextInputs: da08c61f5407025f6ba4fdd8c7398a5713163285
  SKTextInputsManager: 074d5f2c422d6bc4ac9c8d039ae53bb89278c2ed
  SKValidationService: 266a936b25be39e7a9d99e0e08d8c54d044e1f39
  SKXibLoadableView: db6c4a8ba9ec3abbb11fad91c788b24671be8128
  SwiftLint: ce933681be10c3266e82576dad676fa815a602e9
  SwiftyDrop: bdcaa52e6127790f2e382df4fd56c32da8b8cc57

PODFILE CHECKSUM: 10a448de12be666269c891912a918f3534a45bc8

COCOAPODS: 1.5.3
